// !$*UTF8*$!
{
	archiveVersion = 1;
	classes = {
	};
	objectVersion = 46;
	objects = {

/* Begin PBXBuildFile section */
		2104C9C31A21BED40049DA92 /* ScriptTests.cpp in Sources */ = {isa = PBXBuildFile; fileRef = 2104C9C21A21BED40049DA92 /* ScriptTests.cpp */; };
		210E578C1A29A73E000B60FC /* JavaVM.framework in Frameworks */ = {isa = PBXBuildFile; fileRef = 210E578A1A29A73E000B60FC /* JavaVM.framework */; };
		2111D83A1A5AC2F0007DCF40 /* URLTests.cpp in Sources */ = {isa = PBXBuildFile; fileRef = 2111D8391A5AC2F0007DCF40 /* URLTests.cpp */; };
		213862DC1A45711100311FAE /* JSONRPCParserTests.cpp in Sources */ = {isa = PBXBuildFile; fileRef = 213862DB1A45711100311FAE /* JSONRPCParserTests.cpp */; };
		213E910B1A4AA707001C2ED9 /* Base64Tests.cpp in Sources */ = {isa = PBXBuildFile; fileRef = 213E910A1A4AA707001C2ED9 /* Base64Tests.cpp */; };
		214FC0F11A4AF1AD00456552 /* ScriptTestController.cpp in Sources */ = {isa = PBXBuildFile; fileRef = 214FC0F01A4AF1AD00456552 /* ScriptTestController.cpp */; };
		215C20BB1A13B6C000CE71E2 /* RoundTestMain.cpp in Sources */ = {isa = PBXBuildFile; fileRef = 215C20BA1A13B6C000CE71E2 /* RoundTestMain.cpp */; };
		21688A541A38C87E00908890 /* NodeTestController.cpp in Sources */ = {isa = PBXBuildFile; fileRef = 21688A531A38C87E00908890 /* NodeTestController.cpp */; };
		216B580F1AD38CE900846C32 /* RegistryTests.cpp in Sources */ = {isa = PBXBuildFile; fileRef = 216B580E1AD38CE900846C32 /* RegistryTests.cpp */; };
		217727821A2CE5E4001B4CE0 /* RPCMessageTests.cpp in Sources */ = {isa = PBXBuildFile; fileRef = 217727811A2CE5E4001B4CE0 /* RPCMessageTests.cpp */; };
		2184F2041A18E359007F1326 /* ClientTests.cpp in Sources */ = {isa = PBXBuildFile; fileRef = 2184F1FF1A18E359007F1326 /* ClientTests.cpp */; };
		2184F2051A18E359007F1326 /* NodeFinderTests.cpp in Sources */ = {isa = PBXBuildFile; fileRef = 2184F2001A18E359007F1326 /* NodeFinderTests.cpp */; };
		2184F2061A18E359007F1326 /* RemoteNodeTests.cpp in Sources */ = {isa = PBXBuildFile; fileRef = 2184F2011A18E359007F1326 /* RemoteNodeTests.cpp */; };
		2184F2071A18E359007F1326 /* ServerNodeTests.cpp in Sources */ = {isa = PBXBuildFile; fileRef = 2184F2021A18E359007F1326 /* ServerNodeTests.cpp */; };
		2184F2081A18E359007F1326 /* ServerTests.cpp in Sources */ = {isa = PBXBuildFile; fileRef = 2184F2031A18E359007F1326 /* ServerTests.cpp */; };
		2184F2121A1993B4007F1326 /* ClientCoreTests.cpp in Sources */ = {isa = PBXBuildFile; fileRef = 2184F2111A1993B4007F1326 /* ClientCoreTests.cpp */; };
		2184F21F1A19B9A0007F1326 /* NodeReuestTests.cpp in Sources */ = {isa = PBXBuildFile; fileRef = 2184F21C1A19B9A0007F1326 /* NodeReuestTests.cpp */; };
		2184F2201A19B9A0007F1326 /* NodeResponseTests.cpp in Sources */ = {isa = PBXBuildFile; fileRef = 2184F21D1A19B9A0007F1326 /* NodeResponseTests.cpp */; };
		219B12161A874A3200644AFC /* RQLTests.cpp in Sources */ = {isa = PBXBuildFile; fileRef = 219B12151A874A3200644AFC /* RQLTests.cpp */; };
		219EA4351A6BAD3700F3D89B /* ConsoleTests.cpp in Sources */ = {isa = PBXBuildFile; fileRef = 219EA4341A6BAD3700F3D89B /* ConsoleTests.cpp */; };
		21ACE9901A5D596600568779 /* RPCTests.cpp in Sources */ = {isa = PBXBuildFile; fileRef = 21ACE98F1A5D596600568779 /* RPCTests.cpp */; };
		21AD429D1A13B7FC00741A08 /* BitOptionTests.cpp in Sources */ = {isa = PBXBuildFile; fileRef = 21AD428B1A13B7FC00741A08 /* BitOptionTests.cpp */; };
		21AD429E1A13B7FC00741A08 /* ClockTests.cpp in Sources */ = {isa = PBXBuildFile; fileRef = 21AD428C1A13B7FC00741A08 /* ClockTests.cpp */; };
		21AD429F1A13B7FC00741A08 /* ConfigTests.cpp in Sources */ = {isa = PBXBuildFile; fileRef = 21AD428D1A13B7FC00741A08 /* ConfigTests.cpp */; };
		21AD42A01A13B7FC00741A08 /* ConsistentHashTests.cpp in Sources */ = {isa = PBXBuildFile; fileRef = 21AD428E1A13B7FC00741A08 /* ConsistentHashTests.cpp */; };
		21AD42A11A13B7FC00741A08 /* DictionaryTests.cpp in Sources */ = {isa = PBXBuildFile; fileRef = 21AD428F1A13B7FC00741A08 /* DictionaryTests.cpp */; };
		21AD42A21A13B7FC00741A08 /* ErrorTests.cpp in Sources */ = {isa = PBXBuildFile; fileRef = 21AD42901A13B7FC00741A08 /* ErrorTests.cpp */; };
		21AD42A31A13B7FC00741A08 /* HashObjectTests.cpp in Sources */ = {isa = PBXBuildFile; fileRef = 21AD42911A13B7FC00741A08 /* HashObjectTests.cpp */; };
		21AD42A41A13B7FC00741A08 /* JSONParserTests.cpp in Sources */ = {isa = PBXBuildFile; fileRef = 21AD42921A13B7FC00741A08 /* JSONParserTests.cpp */; };
		21AD42A51A13B7FC00741A08 /* JSONTests.cpp in Sources */ = {isa = PBXBuildFile; fileRef = 21AD42931A13B7FC00741A08 /* JSONTests.cpp */; };
		21AD42A61A13B7FC00741A08 /* MessageTests.cpp in Sources */ = {isa = PBXBuildFile; fileRef = 21AD42941A13B7FC00741A08 /* MessageTests.cpp */; };
		21AD42A71A13B7FC00741A08 /* MutexTests.cpp in Sources */ = {isa = PBXBuildFile; fileRef = 21AD42951A13B7FC00741A08 /* MutexTests.cpp */; };
		21AD42A81A13B7FC00741A08 /* NotificationTests.cpp in Sources */ = {isa = PBXBuildFile; fileRef = 21AD42961A13B7FC00741A08 /* NotificationTests.cpp */; };
		21AD42AA1A13B7FC00741A08 /* PropertiesTests.cpp in Sources */ = {isa = PBXBuildFile; fileRef = 21AD42981A13B7FC00741A08 /* PropertiesTests.cpp */; };
		21AD42AB1A13B7FC00741A08 /* RandomTest.cpp in Sources */ = {isa = PBXBuildFile; fileRef = 21AD42991A13B7FC00741A08 /* RandomTest.cpp */; };
		21AD42AC1A13B7FC00741A08 /* SemaphoreTests.cpp in Sources */ = {isa = PBXBuildFile; fileRef = 21AD429A1A13B7FC00741A08 /* SemaphoreTests.cpp */; };
		21AD42AD1A13B7FC00741A08 /* StringTokenizerTests.cpp in Sources */ = {isa = PBXBuildFile; fileRef = 21AD429B1A13B7FC00741A08 /* StringTokenizerTests.cpp */; };
		21AD42AE1A13B7FC00741A08 /* ThreadTests.cpp in Sources */ = {isa = PBXBuildFile; fileRef = 21AD429C1A13B7FC00741A08 /* ThreadTests.cpp */; };
		21AD42AF1A13B88C00741A08 /* liblibround++.a in Frameworks */ = {isa = PBXBuildFile; fileRef = 215C20B81A13B6A000CE71E2 /* liblibround++.a */; };
		21B1DF061A32E6590070B65D /* RPCMethodTests.cpp in Sources */ = {isa = PBXBuildFile; fileRef = 21B1DF051A32E6590070B65D /* RPCMethodTests.cpp */; };
		21B51EC91A4E38C0003BBA3C /* VectorTests.cpp in Sources */ = {isa = PBXBuildFile; fileRef = 21B51EC81A4E38C0003BBA3C /* VectorTests.cpp */; };
		21B854081A60EF31009E6ECB /* Tcl.framework in Frameworks */ = {isa = PBXBuildFile; fileRef = 21B854071A60EF31009E6ECB /* Tcl.framework */; };
		21CD1BC6192DC94E00452ADF /* libuhttp++.a in Frameworks */ = {isa = PBXBuildFile; fileRef = 21CD1BBF192DC91D00452ADF /* libuhttp++.a */; };
		21D50AB01A824BC8005C1F51 /* AliasTests.cpp in Sources */ = {isa = PBXBuildFile; fileRef = 21D50AAF1A824BC8005C1F51 /* AliasTests.cpp */; };
		21D9C9111A355961008008B3 /* ScriptManagerTests.cpp in Sources */ = {isa = PBXBuildFile; fileRef = 21D9C9101A355961008008B3 /* ScriptManagerTests.cpp */; };
		21DA08AB1A174A4900D3DCE0 /* ClusterListTests.cpp in Sources */ = {isa = PBXBuildFile; fileRef = 21DA08981A174A4900D3DCE0 /* ClusterListTests.cpp */; };
		21DA08AC1A174A4900D3DCE0 /* ClusterTests.cpp in Sources */ = {isa = PBXBuildFile; fileRef = 21DA08991A174A4900D3DCE0 /* ClusterTests.cpp */; };
		21DA08B01A174A4900D3DCE0 /* LocalNodeTests.cpp in Sources */ = {isa = PBXBuildFile; fileRef = 21DA089D1A174A4900D3DCE0 /* LocalNodeTests.cpp */; };
		21DA08B31A174A4900D3DCE0 /* NodeGraphTests.cpp in Sources */ = {isa = PBXBuildFile; fileRef = 21DA08A01A174A4900D3DCE0 /* NodeGraphTests.cpp */; };
		21DA08B71A174A4900D3DCE0 /* NodeStatusTests.cpp in Sources */ = {isa = PBXBuildFile; fileRef = 21DA08A41A174A4900D3DCE0 /* NodeStatusTests.cpp */; };
		21DA08B91A174A4900D3DCE0 /* NodeTests.cpp in Sources */ = {isa = PBXBuildFile; fileRef = 21DA08A71A174A4900D3DCE0 /* NodeTests.cpp */; };
		21DA08BC1A174BB700D3DCE0 /* NodeListTests.cpp in Sources */ = {isa = PBXBuildFile; fileRef = 21DA08BB1A174BB700D3DCE0 /* NodeListTests.cpp */; };
		21EBA0891A50205F0077A79A /* HashTests.cpp in Sources */ = {isa = PBXBuildFile; fileRef = 21EBA0881A50205F0077A79A /* HashTests.cpp */; };
		21F349921A5EDE670099B5B6 /* liblibmupnp++.a in Frameworks */ = {isa = PBXBuildFile; fileRef = 21F3498F1A5EDE540099B5B6 /* liblibmupnp++.a */; };
		21F49B121ABEE72700A932CC /* JavaScriptTests.cpp in Sources */ = {isa = PBXBuildFile; fileRef = 21F49B071ABEE72700A932CC /* JavaScriptTests.cpp */; };
		21F49B131ABEE72700A932CC /* JavaTests.cpp in Sources */ = {isa = PBXBuildFile; fileRef = 21F49B081ABEE72700A932CC /* JavaTests.cpp */; };
		21F49B141ABEE72700A932CC /* LuaTests.cpp in Sources */ = {isa = PBXBuildFile; fileRef = 21F49B091ABEE72700A932CC /* LuaTests.cpp */; };
		21F4CE5B1A63CF0E00E7F0CC /* RouteTests.cpp in Sources */ = {isa = PBXBuildFile; fileRef = 21F4CE5A1A63CF0D00E7F0CC /* RouteTests.cpp */; };
/* End PBXBuildFile section */

/* Begin PBXContainerItemProxy section */
		210E578D1A29A793000B60FC /* PBXContainerItemProxy */ = {
			isa = PBXContainerItemProxy;
			containerPortal = 215C20B21A13B6A000CE71E2 /* libround++.xcodeproj */;
			proxyType = 1;
			remoteGlobalIDString = 21A9FFA9154014F300BDFCDC;
			remoteInfo = "libround++";
		};
		215C20B71A13B6A000CE71E2 /* PBXContainerItemProxy */ = {
			isa = PBXContainerItemProxy;
			containerPortal = 215C20B21A13B6A000CE71E2 /* libround++.xcodeproj */;
			proxyType = 2;
			remoteGlobalIDString = 21A9FFAA154014F300BDFCDC;
			remoteInfo = "libround++";
		};
		21CD1BBE192DC91D00452ADF /* PBXContainerItemProxy */ = {
			isa = PBXContainerItemProxy;
			containerPortal = 21CD1BBA192DC91D00452ADF /* libuhttp.xcodeproj */;
			proxyType = 2;
			remoteGlobalIDString = 21E1EB1C1535D1E0005AA247;
			remoteInfo = libuhttp;
		};
		21CD1BC4192DC94100452ADF /* PBXContainerItemProxy */ = {
			isa = PBXContainerItemProxy;
			containerPortal = 21CD1BBA192DC91D00452ADF /* libuhttp.xcodeproj */;
			proxyType = 1;
			remoteGlobalIDString = 21E1EB1B1535D1E0005AA247;
			remoteInfo = libuhttp;
		};
		21F3498E1A5EDE540099B5B6 /* PBXContainerItemProxy */ = {
			isa = PBXContainerItemProxy;
			containerPortal = 21F3498A1A5EDE540099B5B6 /* libmupnp++.xcodeproj */;
			proxyType = 2;
			remoteGlobalIDString = 219C21ED155C7877003ABA46;
			remoteInfo = "libmupnp++";
		};
		21F349901A5EDE610099B5B6 /* PBXContainerItemProxy */ = {
			isa = PBXContainerItemProxy;
			containerPortal = 21F3498A1A5EDE540099B5B6 /* libmupnp++.xcodeproj */;
			proxyType = 1;
			remoteGlobalIDString = 219C21EC155C7877003ABA46;
			remoteInfo = "libmupnp++";
		};
/* End PBXContainerItemProxy section */

/* Begin PBXCopyFilesBuildPhase section */
		2143143A15401BEE009CC3FA /* CopyFiles */ = {
			isa = PBXCopyFilesBuildPhase;
			buildActionMask = 2147483647;
			dstPath = /usr/share/man/man1/;
			dstSubfolderSpec = 0;
			files = (
			);
			runOnlyForDeploymentPostprocessing = 1;
		};
/* End PBXCopyFilesBuildPhase section */

/* Begin PBXFileReference section */
		2104C9C21A21BED40049DA92 /* ScriptTests.cpp */ = {isa = PBXFileReference; fileEncoding = 4; lastKnownFileType = sourcecode.cpp.cpp; path = ScriptTests.cpp; sourceTree = "<group>"; };
		210E578A1A29A73E000B60FC /* JavaVM.framework */ = {isa = PBXFileReference; lastKnownFileType = wrapper.framework; name = JavaVM.framework; path = System/Library/Frameworks/JavaVM.framework; sourceTree = SDKROOT; };
		2111D8391A5AC2F0007DCF40 /* URLTests.cpp */ = {isa = PBXFileReference; fileEncoding = 4; lastKnownFileType = sourcecode.cpp.cpp; path = URLTests.cpp; sourceTree = "<group>"; };
		213862DB1A45711100311FAE /* JSONRPCParserTests.cpp */ = {isa = PBXFileReference; fileEncoding = 4; lastKnownFileType = sourcecode.cpp.cpp; path = JSONRPCParserTests.cpp; sourceTree = "<group>"; };
		213E910A1A4AA707001C2ED9 /* Base64Tests.cpp */ = {isa = PBXFileReference; fileEncoding = 4; lastKnownFileType = sourcecode.cpp.cpp; path = Base64Tests.cpp; sourceTree = "<group>"; };
		213E910C1A4AAAB7001C2ED9 /* SecurityFoundation.framework */ = {isa = PBXFileReference; lastKnownFileType = wrapper.framework; name = SecurityFoundation.framework; path = System/Library/Frameworks/SecurityFoundation.framework; sourceTree = SDKROOT; };
		2143143C15401BEE009CC3FA /* RoundUnitTest */ = {isa = PBXFileReference; explicitFileType = "compiled.mach-o.executable"; includeInIndex = 0; path = RoundUnitTest; sourceTree = BUILT_PRODUCTS_DIR; };
		214FC0F01A4AF1AD00456552 /* ScriptTestController.cpp */ = {isa = PBXFileReference; fileEncoding = 4; lastKnownFileType = sourcecode.cpp.cpp; path = ScriptTestController.cpp; sourceTree = "<group>"; };
		215C20B21A13B6A000CE71E2 /* libround++.xcodeproj */ = {isa = PBXFileReference; lastKnownFileType = "wrapper.pb-project"; name = "libround++.xcodeproj"; path = "../../../lib/macosx/xcode/libround++.xcodeproj"; sourceTree = "<group>"; };
		215C20B91A13B6C000CE71E2 /* RoundTest.h */ = {isa = PBXFileReference; fileEncoding = 4; lastKnownFileType = sourcecode.c.h; name = RoundTest.h; path = ../../RoundTest.h; sourceTree = "<group>"; };
		215C20BA1A13B6C000CE71E2 /* RoundTestMain.cpp */ = {isa = PBXFileReference; fileEncoding = 4; lastKnownFileType = sourcecode.cpp.cpp; name = RoundTestMain.cpp; path = ../../RoundTestMain.cpp; sourceTree = "<group>"; };
		21688A531A38C87E00908890 /* NodeTestController.cpp */ = {isa = PBXFileReference; fileEncoding = 4; lastKnownFileType = sourcecode.cpp.cpp; path = NodeTestController.cpp; sourceTree = "<group>"; };
		216B580E1AD38CE900846C32 /* RegistryTests.cpp */ = {isa = PBXFileReference; fileEncoding = 4; lastKnownFileType = sourcecode.cpp.cpp; path = RegistryTests.cpp; sourceTree = "<group>"; };
		217727811A2CE5E4001B4CE0 /* RPCMessageTests.cpp */ = {isa = PBXFileReference; fileEncoding = 4; lastKnownFileType = sourcecode.cpp.cpp; path = RPCMessageTests.cpp; sourceTree = "<group>"; };
		2184F1FF1A18E359007F1326 /* ClientTests.cpp */ = {isa = PBXFileReference; fileEncoding = 4; lastKnownFileType = sourcecode.cpp.cpp; path = ClientTests.cpp; sourceTree = "<group>"; };
		2184F2001A18E359007F1326 /* NodeFinderTests.cpp */ = {isa = PBXFileReference; fileEncoding = 4; lastKnownFileType = sourcecode.cpp.cpp; path = NodeFinderTests.cpp; sourceTree = "<group>"; };
		2184F2011A18E359007F1326 /* RemoteNodeTests.cpp */ = {isa = PBXFileReference; fileEncoding = 4; lastKnownFileType = sourcecode.cpp.cpp; path = RemoteNodeTests.cpp; sourceTree = "<group>"; };
		2184F2021A18E359007F1326 /* ServerNodeTests.cpp */ = {isa = PBXFileReference; fileEncoding = 4; lastKnownFileType = sourcecode.cpp.cpp; path = ServerNodeTests.cpp; sourceTree = "<group>"; };
		2184F2031A18E359007F1326 /* ServerTests.cpp */ = {isa = PBXFileReference; fileEncoding = 4; lastKnownFileType = sourcecode.cpp.cpp; path = ServerTests.cpp; sourceTree = "<group>"; };
		2184F20A1A18E550007F1326 /* TestClient.h */ = {isa = PBXFileReference; fileEncoding = 4; lastKnownFileType = sourcecode.c.h; name = TestClient.h; path = ../../TestClient.h; sourceTree = "<group>"; };
		2184F20B1A18E550007F1326 /* TestFinder.h */ = {isa = PBXFileReference; fileEncoding = 4; lastKnownFileType = sourcecode.c.h; name = TestFinder.h; path = ../../TestFinder.h; sourceTree = "<group>"; };
		2184F20C1A18E550007F1326 /* TestServer.h */ = {isa = PBXFileReference; fileEncoding = 4; lastKnownFileType = sourcecode.c.h; name = TestServer.h; path = ../../TestServer.h; sourceTree = "<group>"; };
		2184F2111A1993B4007F1326 /* ClientCoreTests.cpp */ = {isa = PBXFileReference; fileEncoding = 4; lastKnownFileType = sourcecode.cpp.cpp; path = ClientCoreTests.cpp; sourceTree = "<group>"; };
		2184F21C1A19B9A0007F1326 /* NodeReuestTests.cpp */ = {isa = PBXFileReference; fileEncoding = 4; lastKnownFileType = sourcecode.cpp.cpp; path = NodeReuestTests.cpp; sourceTree = "<group>"; };
		2184F21D1A19B9A0007F1326 /* NodeResponseTests.cpp */ = {isa = PBXFileReference; fileEncoding = 4; lastKnownFileType = sourcecode.cpp.cpp; path = NodeResponseTests.cpp; sourceTree = "<group>"; };
		219B12151A874A3200644AFC /* RQLTests.cpp */ = {isa = PBXFileReference; fileEncoding = 4; lastKnownFileType = sourcecode.cpp.cpp; path = RQLTests.cpp; sourceTree = "<group>"; };
		219EA4341A6BAD3700F3D89B /* ConsoleTests.cpp */ = {isa = PBXFileReference; fileEncoding = 4; lastKnownFileType = sourcecode.cpp.cpp; path = ConsoleTests.cpp; sourceTree = "<group>"; };
		21ACE98F1A5D596600568779 /* RPCTests.cpp */ = {isa = PBXFileReference; fileEncoding = 4; lastKnownFileType = sourcecode.cpp.cpp; path = RPCTests.cpp; sourceTree = "<group>"; };
		21AD428B1A13B7FC00741A08 /* BitOptionTests.cpp */ = {isa = PBXFileReference; fileEncoding = 4; lastKnownFileType = sourcecode.cpp.cpp; path = BitOptionTests.cpp; sourceTree = "<group>"; };
		21AD428C1A13B7FC00741A08 /* ClockTests.cpp */ = {isa = PBXFileReference; fileEncoding = 4; lastKnownFileType = sourcecode.cpp.cpp; path = ClockTests.cpp; sourceTree = "<group>"; };
		21AD428D1A13B7FC00741A08 /* ConfigTests.cpp */ = {isa = PBXFileReference; fileEncoding = 4; lastKnownFileType = sourcecode.cpp.cpp; path = ConfigTests.cpp; sourceTree = "<group>"; };
		21AD428E1A13B7FC00741A08 /* ConsistentHashTests.cpp */ = {isa = PBXFileReference; fileEncoding = 4; lastKnownFileType = sourcecode.cpp.cpp; path = ConsistentHashTests.cpp; sourceTree = "<group>"; };
		21AD428F1A13B7FC00741A08 /* DictionaryTests.cpp */ = {isa = PBXFileReference; fileEncoding = 4; lastKnownFileType = sourcecode.cpp.cpp; path = DictionaryTests.cpp; sourceTree = "<group>"; };
		21AD42901A13B7FC00741A08 /* ErrorTests.cpp */ = {isa = PBXFileReference; fileEncoding = 4; lastKnownFileType = sourcecode.cpp.cpp; path = ErrorTests.cpp; sourceTree = "<group>"; };
		21AD42911A13B7FC00741A08 /* HashObjectTests.cpp */ = {isa = PBXFileReference; fileEncoding = 4; lastKnownFileType = sourcecode.cpp.cpp; path = HashObjectTests.cpp; sourceTree = "<group>"; };
		21AD42921A13B7FC00741A08 /* JSONParserTests.cpp */ = {isa = PBXFileReference; fileEncoding = 4; lastKnownFileType = sourcecode.cpp.cpp; path = JSONParserTests.cpp; sourceTree = "<group>"; };
		21AD42931A13B7FC00741A08 /* JSONTests.cpp */ = {isa = PBXFileReference; fileEncoding = 4; lastKnownFileType = sourcecode.cpp.cpp; path = JSONTests.cpp; sourceTree = "<group>"; };
		21AD42941A13B7FC00741A08 /* MessageTests.cpp */ = {isa = PBXFileReference; fileEncoding = 4; lastKnownFileType = sourcecode.cpp.cpp; path = MessageTests.cpp; sourceTree = "<group>"; };
		21AD42951A13B7FC00741A08 /* MutexTests.cpp */ = {isa = PBXFileReference; fileEncoding = 4; lastKnownFileType = sourcecode.cpp.cpp; path = MutexTests.cpp; sourceTree = "<group>"; };
		21AD42961A13B7FC00741A08 /* NotificationTests.cpp */ = {isa = PBXFileReference; fileEncoding = 4; lastKnownFileType = sourcecode.cpp.cpp; path = NotificationTests.cpp; sourceTree = "<group>"; };
		21AD42981A13B7FC00741A08 /* PropertiesTests.cpp */ = {isa = PBXFileReference; fileEncoding = 4; lastKnownFileType = sourcecode.cpp.cpp; path = PropertiesTests.cpp; sourceTree = "<group>"; };
		21AD42991A13B7FC00741A08 /* RandomTest.cpp */ = {isa = PBXFileReference; fileEncoding = 4; lastKnownFileType = sourcecode.cpp.cpp; path = RandomTest.cpp; sourceTree = "<group>"; };
		21AD429A1A13B7FC00741A08 /* SemaphoreTests.cpp */ = {isa = PBXFileReference; fileEncoding = 4; lastKnownFileType = sourcecode.cpp.cpp; path = SemaphoreTests.cpp; sourceTree = "<group>"; };
		21AD429B1A13B7FC00741A08 /* StringTokenizerTests.cpp */ = {isa = PBXFileReference; fileEncoding = 4; lastKnownFileType = sourcecode.cpp.cpp; path = StringTokenizerTests.cpp; sourceTree = "<group>"; };
		21AD429C1A13B7FC00741A08 /* ThreadTests.cpp */ = {isa = PBXFileReference; fileEncoding = 4; lastKnownFileType = sourcecode.cpp.cpp; path = ThreadTests.cpp; sourceTree = "<group>"; };
		21B1DF051A32E6590070B65D /* RPCMethodTests.cpp */ = {isa = PBXFileReference; fileEncoding = 4; lastKnownFileType = sourcecode.cpp.cpp; path = RPCMethodTests.cpp; sourceTree = "<group>"; };
		21B51EC81A4E38C0003BBA3C /* VectorTests.cpp */ = {isa = PBXFileReference; fileEncoding = 4; lastKnownFileType = sourcecode.cpp.cpp; path = VectorTests.cpp; sourceTree = "<group>"; };
		21B854071A60EF31009E6ECB /* Tcl.framework */ = {isa = PBXFileReference; lastKnownFileType = wrapper.framework; name = Tcl.framework; path = System/Library/Frameworks/Tcl.framework; sourceTree = SDKROOT; };
		21CD1BBA192DC91D00452ADF /* libuhttp.xcodeproj */ = {isa = PBXFileReference; lastKnownFileType = "wrapper.pb-project"; name = libuhttp.xcodeproj; path = ../../../../uhttp/lib/macosx/xcode/libuhttp.xcodeproj; sourceTree = "<group>"; };
		21D50AAF1A824BC8005C1F51 /* AliasTests.cpp */ = {isa = PBXFileReference; fileEncoding = 4; lastKnownFileType = sourcecode.cpp.cpp; path = AliasTests.cpp; sourceTree = "<group>"; };
		21D9C9101A355961008008B3 /* ScriptManagerTests.cpp */ = {isa = PBXFileReference; fileEncoding = 4; lastKnownFileType = sourcecode.cpp.cpp; path = ScriptManagerTests.cpp; sourceTree = "<group>"; };
		21DA08981A174A4900D3DCE0 /* ClusterListTests.cpp */ = {isa = PBXFileReference; fileEncoding = 4; lastKnownFileType = sourcecode.cpp.cpp; path = ClusterListTests.cpp; sourceTree = "<group>"; };
		21DA08991A174A4900D3DCE0 /* ClusterTests.cpp */ = {isa = PBXFileReference; fileEncoding = 4; lastKnownFileType = sourcecode.cpp.cpp; path = ClusterTests.cpp; sourceTree = "<group>"; };
		21DA089D1A174A4900D3DCE0 /* LocalNodeTests.cpp */ = {isa = PBXFileReference; fileEncoding = 4; lastKnownFileType = sourcecode.cpp.cpp; path = LocalNodeTests.cpp; sourceTree = "<group>"; };
		21DA08A01A174A4900D3DCE0 /* NodeGraphTests.cpp */ = {isa = PBXFileReference; fileEncoding = 4; lastKnownFileType = sourcecode.cpp.cpp; path = NodeGraphTests.cpp; sourceTree = "<group>"; };
		21DA08A41A174A4900D3DCE0 /* NodeStatusTests.cpp */ = {isa = PBXFileReference; fileEncoding = 4; lastKnownFileType = sourcecode.cpp.cpp; path = NodeStatusTests.cpp; sourceTree = "<group>"; };
		21DA08A71A174A4900D3DCE0 /* NodeTests.cpp */ = {isa = PBXFileReference; fileEncoding = 4; lastKnownFileType = sourcecode.cpp.cpp; path = NodeTests.cpp; sourceTree = "<group>"; };
		21DA08BB1A174BB700D3DCE0 /* NodeListTests.cpp */ = {isa = PBXFileReference; fileEncoding = 4; lastKnownFileType = sourcecode.cpp.cpp; path = NodeListTests.cpp; sourceTree = "<group>"; };
		21DA08BD1A174C1300D3DCE0 /* TestNode.h */ = {isa = PBXFileReference; fileEncoding = 4; lastKnownFileType = sourcecode.c.h; name = TestNode.h; path = ../../TestNode.h; sourceTree = "<group>"; };
		21DE0ECF155B9EBA00A08E1F /* Security.framework */ = {isa = PBXFileReference; lastKnownFileType = wrapper.framework; name = Security.framework; path = System/Library/Frameworks/Security.framework; sourceTree = SDKROOT; };
		21EBA0881A50205F0077A79A /* HashTests.cpp */ = {isa = PBXFileReference; fileEncoding = 4; lastKnownFileType = sourcecode.cpp.cpp; path = HashTests.cpp; sourceTree = "<group>"; };
		21EC22FE1A33E5C00074289E /* TestScript.h */ = {isa = PBXFileReference; fileEncoding = 4; lastKnownFileType = sourcecode.c.h; name = TestScript.h; path = ../../TestScript.h; sourceTree = "<group>"; };
		21F3498A1A5EDE540099B5B6 /* libmupnp++.xcodeproj */ = {isa = PBXFileReference; lastKnownFileType = "wrapper.pb-project"; name = "libmupnp++.xcodeproj"; path = "../../../../mupnp/lib/macosx/xcode/libmupnp++.xcodeproj"; sourceTree = "<group>"; };
		21F49B071ABEE72700A932CC /* JavaScriptTests.cpp */ = {isa = PBXFileReference; fileEncoding = 4; lastKnownFileType = sourcecode.cpp.cpp; path = JavaScriptTests.cpp; sourceTree = "<group>"; };
		21F49B081ABEE72700A932CC /* JavaTests.cpp */ = {isa = PBXFileReference; fileEncoding = 4; lastKnownFileType = sourcecode.cpp.cpp; path = JavaTests.cpp; sourceTree = "<group>"; };
		21F49B091ABEE72700A932CC /* LuaTests.cpp */ = {isa = PBXFileReference; fileEncoding = 4; lastKnownFileType = sourcecode.cpp.cpp; path = LuaTests.cpp; sourceTree = "<group>"; };
		21F4CE5A1A63CF0D00E7F0CC /* RouteTests.cpp */ = {isa = PBXFileReference; fileEncoding = 4; lastKnownFileType = sourcecode.cpp.cpp; path = RouteTests.cpp; sourceTree = "<group>"; };
/* End PBXFileReference section */

/* Begin PBXFrameworksBuildPhase section */
		2143143915401BEE009CC3FA /* Frameworks */ = {
			isa = PBXFrameworksBuildPhase;
			buildActionMask = 2147483647;
			files = (
				210E578C1A29A73E000B60FC /* JavaVM.framework in Frameworks */,
				21B854081A60EF31009E6ECB /* Tcl.framework in Frameworks */,
				21F349921A5EDE670099B5B6 /* liblibmupnp++.a in Frameworks */,
				21AD42AF1A13B88C00741A08 /* liblibround++.a in Frameworks */,
				21CD1BC6192DC94E00452ADF /* libuhttp++.a in Frameworks */,
			);
			runOnlyForDeploymentPostprocessing = 0;
		};
/* End PBXFrameworksBuildPhase section */

/* Begin PBXGroup section */
		2143143115401BEE009CC3FA = {
			isa = PBXGroup;
			children = (
				215C7EF51540267800762EEC /* Sources */,
				215C7EF31540266E00762EEC /* Frameworks */,
				2143143D15401BEE009CC3FA /* Products */,
			);
			indentWidth = 2;
			sourceTree = "<group>";
			tabWidth = 2;
			usesTabs = 0;
		};
		2143143D15401BEE009CC3FA /* Products */ = {
			isa = PBXGroup;
			children = (
				2143143C15401BEE009CC3FA /* RoundUnitTest */,
			);
			name = Products;
			sourceTree = "<group>";
		};
		215C20B31A13B6A000CE71E2 /* Products */ = {
			isa = PBXGroup;
			children = (
				215C20B81A13B6A000CE71E2 /* liblibround++.a */,
			);
			name = Products;
			sourceTree = "<group>";
		};
		215C7EF31540266E00762EEC /* Frameworks */ = {
			isa = PBXGroup;
			children = (
				21B854071A60EF31009E6ECB /* Tcl.framework */,
				213E910C1A4AAAB7001C2ED9 /* SecurityFoundation.framework */,
				210E578A1A29A73E000B60FC /* JavaVM.framework */,
				21DE0ECF155B9EBA00A08E1F /* Security.framework */,
				215C20B21A13B6A000CE71E2 /* libround++.xcodeproj */,
				21F3498A1A5EDE540099B5B6 /* libmupnp++.xcodeproj */,
				21CD1BBA192DC91D00452ADF /* libuhttp.xcodeproj */,
			);
			name = Frameworks;
			sourceTree = "<group>";
		};
		215C7EF51540267800762EEC /* Sources */ = {
			isa = PBXGroup;
			children = (
				21F49AFF1ABEE72700A932CC /* script */,
				215C20BA1A13B6C000CE71E2 /* RoundTestMain.cpp */,
				215C20B91A13B6C000CE71E2 /* RoundTest.h */,
				2184F20A1A18E550007F1326 /* TestClient.h */,
				2184F20B1A18E550007F1326 /* TestFinder.h */,
				21DA08BD1A174C1300D3DCE0 /* TestNode.h */,
				21EC22FE1A33E5C00074289E /* TestScript.h */,
				2184F20C1A18E550007F1326 /* TestServer.h */,
				21AD42771A13B7FC00741A08 /* common */,
				21DA08931A174A4900D3DCE0 /* core */,
			);
			name = Sources;
			sourceTree = "<group>";
		};
		217727801A2CE5E4001B4CE0 /* rpc */ = {
			isa = PBXGroup;
			children = (
				21ACE98F1A5D596600568779 /* RPCTests.cpp */,
				21B1DF051A32E6590070B65D /* RPCMethodTests.cpp */,
				217727811A2CE5E4001B4CE0 /* RPCMessageTests.cpp */,
			);
			path = rpc;
			sourceTree = "<group>";
		};
		21AD42771A13B7FC00741A08 /* common */ = {
			isa = PBXGroup;
			children = (
				2111D8391A5AC2F0007DCF40 /* URLTests.cpp */,
				213E910A1A4AA707001C2ED9 /* Base64Tests.cpp */,
				21AD428B1A13B7FC00741A08 /* BitOptionTests.cpp */,
				21AD428C1A13B7FC00741A08 /* ClockTests.cpp */,
				21AD428D1A13B7FC00741A08 /* ConfigTests.cpp */,
				21AD428E1A13B7FC00741A08 /* ConsistentHashTests.cpp */,
				21AD428F1A13B7FC00741A08 /* DictionaryTests.cpp */,
				21AD42901A13B7FC00741A08 /* ErrorTests.cpp */,
				21AD42911A13B7FC00741A08 /* HashObjectTests.cpp */,
				21EBA0881A50205F0077A79A /* HashTests.cpp */,
				21AD42921A13B7FC00741A08 /* JSONParserTests.cpp */,
				213862DB1A45711100311FAE /* JSONRPCParserTests.cpp */,
				21AD42931A13B7FC00741A08 /* JSONTests.cpp */,
				21AD42941A13B7FC00741A08 /* MessageTests.cpp */,
				21AD42951A13B7FC00741A08 /* MutexTests.cpp */,
				21AD42961A13B7FC00741A08 /* NotificationTests.cpp */,
				21AD42981A13B7FC00741A08 /* PropertiesTests.cpp */,
				21AD42991A13B7FC00741A08 /* RandomTest.cpp */,
				21AD429A1A13B7FC00741A08 /* SemaphoreTests.cpp */,
				21AD429B1A13B7FC00741A08 /* StringTokenizerTests.cpp */,
				21AD429C1A13B7FC00741A08 /* ThreadTests.cpp */,
				21B51EC81A4E38C0003BBA3C /* VectorTests.cpp */,
				217727801A2CE5E4001B4CE0 /* rpc */,
			);
			name = common;
			path = ../../common;
			sourceTree = "<group>";
		};
		21CD1BBB192DC91D00452ADF /* Products */ = {
			isa = PBXGroup;
			children = (
				21CD1BBF192DC91D00452ADF /* libuhttp++.a */,
			);
			name = Products;
			sourceTree = "<group>";
		};
		21DA08931A174A4900D3DCE0 /* core */ = {
			isa = PBXGroup;
			children = (
				216B580E1AD38CE900846C32 /* RegistryTests.cpp */,
				21D50AAF1A824BC8005C1F51 /* AliasTests.cpp */,
				2184F2111A1993B4007F1326 /* ClientCoreTests.cpp */,
				2184F1FF1A18E359007F1326 /* ClientTests.cpp */,
				21DA08981A174A4900D3DCE0 /* ClusterListTests.cpp */,
				21DA08991A174A4900D3DCE0 /* ClusterTests.cpp */,
				219EA4341A6BAD3700F3D89B /* ConsoleTests.cpp */,
				21DA089D1A174A4900D3DCE0 /* LocalNodeTests.cpp */,
				2184F2001A18E359007F1326 /* NodeFinderTests.cpp */,
				21DA08A01A174A4900D3DCE0 /* NodeGraphTests.cpp */,
				21DA08BB1A174BB700D3DCE0 /* NodeListTests.cpp */,
				2184F21D1A19B9A0007F1326 /* NodeResponseTests.cpp */,
				2184F21C1A19B9A0007F1326 /* NodeReuestTests.cpp */,
				21DA08A41A174A4900D3DCE0 /* NodeStatusTests.cpp */,
				21688A531A38C87E00908890 /* NodeTestController.cpp */,
				21DA08A71A174A4900D3DCE0 /* NodeTests.cpp */,
				2184F2011A18E359007F1326 /* RemoteNodeTests.cpp */,
				21F4CE5A1A63CF0D00E7F0CC /* RouteTests.cpp */,
				219B12151A874A3200644AFC /* RQLTests.cpp */,
				21D9C9101A355961008008B3 /* ScriptManagerTests.cpp */,
				214FC0F01A4AF1AD00456552 /* ScriptTestController.cpp */,
				2104C9C21A21BED40049DA92 /* ScriptTests.cpp */,
				2184F2021A18E359007F1326 /* ServerNodeTests.cpp */,
				2184F2031A18E359007F1326 /* ServerTests.cpp */,
			);
			name = core;
			path = ../../core;
			sourceTree = "<group>";
		};
		21F3498B1A5EDE540099B5B6 /* Products */ = {
			isa = PBXGroup;
			children = (
				21F3498F1A5EDE540099B5B6 /* liblibmupnp++.a */,
			);
			name = Products;
			sourceTree = "<group>";
		};
		21F49AFF1ABEE72700A932CC /* script */ = {
			isa = PBXGroup;
			children = (
				21F49B071ABEE72700A932CC /* JavaScriptTests.cpp */,
				21F49B081ABEE72700A932CC /* JavaTests.cpp */,
				21F49B091ABEE72700A932CC /* LuaTests.cpp */,
			);
			name = script;
			path = ../../script;
			sourceTree = "<group>";
		};
/* End PBXGroup section */

/* Begin PBXNativeTarget section */
		2143143B15401BEE009CC3FA /* RoundUnitTest */ = {
			isa = PBXNativeTarget;
			buildConfigurationList = 2143144615401BEE009CC3FA /* Build configuration list for PBXNativeTarget "RoundUnitTest" */;
			buildPhases = (
				2143143815401BEE009CC3FA /* Sources */,
				2143143915401BEE009CC3FA /* Frameworks */,
				2143143A15401BEE009CC3FA /* CopyFiles */,
			);
			buildRules = (
			);
			dependencies = (
				21F349911A5EDE610099B5B6 /* PBXTargetDependency */,
				210E578E1A29A793000B60FC /* PBXTargetDependency */,
				21CD1BC5192DC94100452ADF /* PBXTargetDependency */,
			);
			name = RoundUnitTest;
			productName = RoundUnitTest;
			productReference = 2143143C15401BEE009CC3FA /* RoundUnitTest */;
			productType = "com.apple.product-type.tool";
		};
/* End PBXNativeTarget section */

/* Begin PBXProject section */
		2143143315401BEE009CC3FA /* Project object */ = {
			isa = PBXProject;
			attributes = {
				LastUpgradeCheck = 0600;
			};
			buildConfigurationList = 2143143615401BEE009CC3FA /* Build configuration list for PBXProject "RoundUnitTest" */;
			compatibilityVersion = "Xcode 3.2";
			developmentRegion = English;
			hasScannedForEncodings = 0;
			knownRegions = (
				en,
			);
			mainGroup = 2143143115401BEE009CC3FA;
			productRefGroup = 2143143D15401BEE009CC3FA /* Products */;
			projectDirPath = "";
			projectReferences = (
				{
					ProductGroup = 21F3498B1A5EDE540099B5B6 /* Products */;
					ProjectRef = 21F3498A1A5EDE540099B5B6 /* libmupnp++.xcodeproj */;
				},
				{
					ProductGroup = 215C20B31A13B6A000CE71E2 /* Products */;
					ProjectRef = 215C20B21A13B6A000CE71E2 /* libround++.xcodeproj */;
				},
				{
					ProductGroup = 21CD1BBB192DC91D00452ADF /* Products */;
					ProjectRef = 21CD1BBA192DC91D00452ADF /* libuhttp.xcodeproj */;
				},
			);
			projectRoot = "";
			targets = (
				2143143B15401BEE009CC3FA /* RoundUnitTest */,
			);
		};
/* End PBXProject section */

/* Begin PBXReferenceProxy section */
		215C20B81A13B6A000CE71E2 /* liblibround++.a */ = {
			isa = PBXReferenceProxy;
			fileType = archive.ar;
			path = "liblibround++.a";
			remoteRef = 215C20B71A13B6A000CE71E2 /* PBXContainerItemProxy */;
			sourceTree = BUILT_PRODUCTS_DIR;
		};
		21CD1BBF192DC91D00452ADF /* libuhttp++.a */ = {
			isa = PBXReferenceProxy;
			fileType = archive.ar;
			path = "libuhttp++.a";
			remoteRef = 21CD1BBE192DC91D00452ADF /* PBXContainerItemProxy */;
			sourceTree = BUILT_PRODUCTS_DIR;
		};
		21F3498F1A5EDE540099B5B6 /* liblibmupnp++.a */ = {
			isa = PBXReferenceProxy;
			fileType = archive.ar;
			path = "liblibmupnp++.a";
			remoteRef = 21F3498E1A5EDE540099B5B6 /* PBXContainerItemProxy */;
			sourceTree = BUILT_PRODUCTS_DIR;
		};
/* End PBXReferenceProxy section */

/* Begin PBXSourcesBuildPhase section */
		2143143815401BEE009CC3FA /* Sources */ = {
			isa = PBXSourcesBuildPhase;
			buildActionMask = 2147483647;
			files = (
				21AD42AB1A13B7FC00741A08 /* RandomTest.cpp in Sources */,
				2111D83A1A5AC2F0007DCF40 /* URLTests.cpp in Sources */,
				21AD429E1A13B7FC00741A08 /* ClockTests.cpp in Sources */,
				21F49B141ABEE72700A932CC /* LuaTests.cpp in Sources */,
				21AD42A51A13B7FC00741A08 /* JSONTests.cpp in Sources */,
				213E910B1A4AA707001C2ED9 /* Base64Tests.cpp in Sources */,
				21AD42A01A13B7FC00741A08 /* ConsistentHashTests.cpp in Sources */,
				21F49B131ABEE72700A932CC /* JavaTests.cpp in Sources */,
				21B51EC91A4E38C0003BBA3C /* VectorTests.cpp in Sources */,
				2184F2071A18E359007F1326 /* ServerNodeTests.cpp in Sources */,
				2184F2051A18E359007F1326 /* NodeFinderTests.cpp in Sources */,
				21DA08B01A174A4900D3DCE0 /* LocalNodeTests.cpp in Sources */,
				21DA08AC1A174A4900D3DCE0 /* ClusterTests.cpp in Sources */,
				21D9C9111A355961008008B3 /* ScriptManagerTests.cpp in Sources */,
				21AD42AA1A13B7FC00741A08 /* PropertiesTests.cpp in Sources */,
				2184F2081A18E359007F1326 /* ServerTests.cpp in Sources */,
				21F4CE5B1A63CF0E00E7F0CC /* RouteTests.cpp in Sources */,
				21AD42A31A13B7FC00741A08 /* HashObjectTests.cpp in Sources */,
				219EA4351A6BAD3700F3D89B /* ConsoleTests.cpp in Sources */,
				21D50AB01A824BC8005C1F51 /* AliasTests.cpp in Sources */,
				219B12161A874A3200644AFC /* RQLTests.cpp in Sources */,
				21688A541A38C87E00908890 /* NodeTestController.cpp in Sources */,
				21DA08AB1A174A4900D3DCE0 /* ClusterListTests.cpp in Sources */,
				2184F2041A18E359007F1326 /* ClientTests.cpp in Sources */,
				21AD42AC1A13B7FC00741A08 /* SemaphoreTests.cpp in Sources */,
				21ACE9901A5D596600568779 /* RPCTests.cpp in Sources */,
				2184F2201A19B9A0007F1326 /* NodeResponseTests.cpp in Sources */,
				2184F2061A18E359007F1326 /* RemoteNodeTests.cpp in Sources */,
				21F49B121ABEE72700A932CC /* JavaScriptTests.cpp in Sources */,
				216B580F1AD38CE900846C32 /* RegistryTests.cpp in Sources */,
				2184F2121A1993B4007F1326 /* ClientCoreTests.cpp in Sources */,
				21AD42A41A13B7FC00741A08 /* JSONParserTests.cpp in Sources */,
				213862DC1A45711100311FAE /* JSONRPCParserTests.cpp in Sources */,
				21AD429D1A13B7FC00741A08 /* BitOptionTests.cpp in Sources */,
				21AD42A21A13B7FC00741A08 /* ErrorTests.cpp in Sources */,
				21DA08B71A174A4900D3DCE0 /* NodeStatusTests.cpp in Sources */,
				21DA08B31A174A4900D3DCE0 /* NodeGraphTests.cpp in Sources */,
				2104C9C31A21BED40049DA92 /* ScriptTests.cpp in Sources */,
				21AD42AD1A13B7FC00741A08 /* StringTokenizerTests.cpp in Sources */,
				21DA08BC1A174BB700D3DCE0 /* NodeListTests.cpp in Sources */,
				21AD42AE1A13B7FC00741A08 /* ThreadTests.cpp in Sources */,
				2184F21F1A19B9A0007F1326 /* NodeReuestTests.cpp in Sources */,
				21AD42A61A13B7FC00741A08 /* MessageTests.cpp in Sources */,
				21AD429F1A13B7FC00741A08 /* ConfigTests.cpp in Sources */,
				21EBA0891A50205F0077A79A /* HashTests.cpp in Sources */,
				21DA08B91A174A4900D3DCE0 /* NodeTests.cpp in Sources */,
				21AD42A71A13B7FC00741A08 /* MutexTests.cpp in Sources */,
				215C20BB1A13B6C000CE71E2 /* RoundTestMain.cpp in Sources */,
				21B1DF061A32E6590070B65D /* RPCMethodTests.cpp in Sources */,
				217727821A2CE5E4001B4CE0 /* RPCMessageTests.cpp in Sources */,
				21AD42A81A13B7FC00741A08 /* NotificationTests.cpp in Sources */,
				214FC0F11A4AF1AD00456552 /* ScriptTestController.cpp in Sources */,
				21AD42A11A13B7FC00741A08 /* DictionaryTests.cpp in Sources */,
			);
			runOnlyForDeploymentPostprocessing = 0;
		};
/* End PBXSourcesBuildPhase section */

/* Begin PBXTargetDependency section */
		210E578E1A29A793000B60FC /* PBXTargetDependency */ = {
			isa = PBXTargetDependency;
			name = "libround++";
			targetProxy = 210E578D1A29A793000B60FC /* PBXContainerItemProxy */;
		};
		21CD1BC5192DC94100452ADF /* PBXTargetDependency */ = {
			isa = PBXTargetDependency;
			name = libuhttp;
			targetProxy = 21CD1BC4192DC94100452ADF /* PBXContainerItemProxy */;
		};
		21F349911A5EDE610099B5B6 /* PBXTargetDependency */ = {
			isa = PBXTargetDependency;
			name = "libmupnp++";
			targetProxy = 21F349901A5EDE610099B5B6 /* PBXContainerItemProxy */;
		};
/* End PBXTargetDependency section */

/* Begin XCBuildConfiguration section */
		2143144415401BEE009CC3FA /* Debug */ = {
			isa = XCBuildConfiguration;
			buildSettings = {
				ALWAYS_SEARCH_USER_PATHS = NO;
				CLANG_CXX_LANGUAGE_STANDARD = "c++0x";
				CLANG_CXX_LIBRARY = "libc++";
				CLANG_WARN_BOOL_CONVERSION = YES;
				CLANG_WARN_CONSTANT_CONVERSION = YES;
				CLANG_WARN_EMPTY_BODY = YES;
				CLANG_WARN_ENUM_CONVERSION = YES;
				CLANG_WARN_INT_CONVERSION = YES;
				CLANG_WARN_UNREACHABLE_CODE = YES;
				CLANG_WARN__DUPLICATE_METHOD_MATCH = YES;
				COPY_PHASE_STRIP = NO;
				ENABLE_STRICT_OBJC_MSGSEND = YES;
				GCC_C_LANGUAGE_STANDARD = "compiler-default";
				GCC_DYNAMIC_NO_PIC = NO;
				GCC_ENABLE_CPP_RTTI = YES;
				GCC_ENABLE_OBJC_EXCEPTIONS = YES;
				GCC_OPTIMIZATION_LEVEL = 0;
				GCC_PREPROCESSOR_DEFINITIONS = (
					"DEBUG=1",
					"$(inherited)",
				);
				GCC_SYMBOLS_PRIVATE_EXTERN = NO;
				GCC_VERSION = com.apple.compilers.llvm.clang.1_0;
				GCC_WARN_64_TO_32_BIT_CONVERSION = YES;
				GCC_WARN_ABOUT_RETURN_TYPE = YES;
				GCC_WARN_UNDECLARED_SELECTOR = YES;
				GCC_WARN_UNINITIALIZED_AUTOS = YES;
				GCC_WARN_UNUSED_FUNCTION = YES;
				GCC_WARN_UNUSED_VARIABLE = YES;
				HEADER_SEARCH_PATHS = (
					/usr/local/include,
					../../../include,
					../../../src,
				);
				LIBRARY_SEARCH_PATHS = /usr/local/lib;
				MACOSX_DEPLOYMENT_TARGET = 10.9;
				ONLY_ACTIVE_ARCH = YES;
				OTHER_LDFLAGS = (
					"-lboost_unit_test_framework",
					"-lboost_filesystem",
					"-lboost_system",
					"-lboost_thread-mt",
					"-lxml2",
					"-ljansson",
					"-lv8",
					"-lssl",
					"-lcrypto",
					"-lmozjs185",
					"-llua",
				);
				SDKROOT = macosx;
				VALID_ARCHS = "i386 x86_64";
			};
			name = Debug;
		};
		2143144515401BEE009CC3FA /* Release */ = {
			isa = XCBuildConfiguration;
			buildSettings = {
				ALWAYS_SEARCH_USER_PATHS = NO;
				CLANG_CXX_LANGUAGE_STANDARD = "c++0x";
				CLANG_CXX_LIBRARY = "libc++";
				CLANG_WARN_BOOL_CONVERSION = YES;
				CLANG_WARN_CONSTANT_CONVERSION = YES;
				CLANG_WARN_EMPTY_BODY = YES;
				CLANG_WARN_ENUM_CONVERSION = YES;
				CLANG_WARN_INT_CONVERSION = YES;
				CLANG_WARN_UNREACHABLE_CODE = YES;
				CLANG_WARN__DUPLICATE_METHOD_MATCH = YES;
				COPY_PHASE_STRIP = YES;
				DEBUG_INFORMATION_FORMAT = "dwarf-with-dsym";
				ENABLE_STRICT_OBJC_MSGSEND = YES;
				GCC_C_LANGUAGE_STANDARD = "compiler-default";
				GCC_ENABLE_CPP_RTTI = YES;
				GCC_ENABLE_OBJC_EXCEPTIONS = YES;
				GCC_VERSION = com.apple.compilers.llvm.clang.1_0;
				GCC_WARN_64_TO_32_BIT_CONVERSION = YES;
				GCC_WARN_ABOUT_RETURN_TYPE = YES;
				GCC_WARN_UNDECLARED_SELECTOR = YES;
				GCC_WARN_UNINITIALIZED_AUTOS = YES;
				GCC_WARN_UNUSED_FUNCTION = YES;
				GCC_WARN_UNUSED_VARIABLE = YES;
				HEADER_SEARCH_PATHS = (
					/usr/local/include,
					../../../include,
					../../../src,
				);
				LIBRARY_SEARCH_PATHS = /usr/local/lib;
				MACOSX_DEPLOYMENT_TARGET = 10.9;
				ONLY_ACTIVE_ARCH = NO;
				OTHER_LDFLAGS = (
					"-lboost_unit_test_framework",
					"-lboost_filesystem",
					"-lboost_system",
					"-lboost_thread-mt",
					"-lxml2",
					"-ljansson",
					"-lv8",
					"-lssl",
					"-lcrypto",
					"-lmozjs185",
					"-llua",
				);
				SDKROOT = macosx;
				VALID_ARCHS = "i386 x86_64";
			};
			name = Release;
		};
		2143144715401BEE009CC3FA /* Debug */ = {
			isa = XCBuildConfiguration;
			buildSettings = {
				CLANG_CXX_LANGUAGE_STANDARD = "c++0x";
				CLANG_CXX_LIBRARY = "libc++";
				INFOPLIST_PREPROCESSOR_DEFINITIONS = (
					"-lleveldb",
					"-lusql++",
					"-lboost_unit_test_framework",
					"-lboost_filesystem",
					"-lboost_system",
					"-lsqlite3",
					"-lantlr3c",
				);
				MACOSX_DEPLOYMENT_TARGET = 10.8;
				OTHER_LDFLAGS = (
					"-lboost_unit_test_framework",
					"-lboost_filesystem",
					"-lboost_system",
					"-lboost_thread-mt",
					"-lxml2",
					"-ljansson",
					"-lv8",
					"-lssl",
					"-lcrypto",
					"-lmozjs185",
					"-llua",
				);
				PRODUCT_NAME = RoundUnitTest;
				SDKROOT = macosx;
			};
			name = Debug;
		};
		2143144815401BEE009CC3FA /* Release */ = {
			isa = XCBuildConfiguration;
			buildSettings = {
				CLANG_CXX_LANGUAGE_STANDARD = "c++0x";
				CLANG_CXX_LIBRARY = "libc++";
				INFOPLIST_PREPROCESSOR_DEFINITIONS = (
					"-lleveldb",
					"-lusql++",
					"-lboost_unit_test_framework",
					"-lboost_filesystem",
					"-lboost_system",
					"-lsqlite3",
					"-lantlr3c",
				);
				MACOSX_DEPLOYMENT_TARGET = 10.8;
				OTHER_LDFLAGS = (
					"-lboost_unit_test_framework",
					"-lboost_filesystem",
					"-lboost_system",
					"-lboost_thread-mt",
					"-lxml2",
					"-ljansson",
					"-lv8",
					"-lssl",
					"-lcrypto",
					"-lmozjs185",
					"-llua",
				);
				PRODUCT_NAME = RoundUnitTest;
				SDKROOT = macosx;
			};
			name = Release;
		};
/* End XCBuildConfiguration section */

/* Begin XCConfigurationList section */
		2143143615401BEE009CC3FA /* Build configuration list for PBXProject "RoundUnitTest" */ = {
			isa = XCConfigurationList;
			buildConfigurations = (
				2143144415401BEE009CC3FA /* Debug */,
				2143144515401BEE009CC3FA /* Release */,
			);
			defaultConfigurationIsVisible = 0;
			defaultConfigurationName = Release;
		};
		2143144615401BEE009CC3FA /* Build configuration list for PBXNativeTarget "RoundUnitTest" */ = {
			isa = XCConfigurationList;
			buildConfigurations = (
				2143144715401BEE009CC3FA /* Debug */,
				2143144815401BEE009CC3FA /* Release */,
			);
			defaultConfigurationIsVisible = 0;
			defaultConfigurationName = Release;
		};
/* End XCConfigurationList section */
	};
	rootObject = 2143143315401BEE009CC3FA /* Project object */;
}
