// !$*UTF8*$!
{
	archiveVersion = 1;
	classes = {
	};
	objectVersion = 46;
	objects = {

/* Begin PBXBuildFile section */
		2104C9BD1A21BBEA0049DA92 /* Script.h in Headers */ = {isa = PBXBuildFile; fileRef = 2104C9BC1A21BBEA0049DA92 /* Script.h */; };
		2104C9BF1A21BC640049DA92 /* Script.cpp in Sources */ = {isa = PBXBuildFile; fileRef = 2104C9BE1A21BC640049DA92 /* Script.cpp */; };
		2104C9C61A21E6D30049DA92 /* JavaScript.h in Headers */ = {isa = PBXBuildFile; fileRef = 2104C9C51A21E6D30049DA92 /* JavaScript.h */; };
		210E577C1A235BFD000B60FC /* ScriptEngine.cpp in Sources */ = {isa = PBXBuildFile; fileRef = 210E577B1A235BFD000B60FC /* ScriptEngine.cpp */; };
		210E577E1A235D49000B60FC /* ScriptMap.cpp in Sources */ = {isa = PBXBuildFile; fileRef = 210E577D1A235D49000B60FC /* ScriptMap.cpp */; };
		210E57821A29A4A2000B60FC /* Java.h in Headers */ = {isa = PBXBuildFile; fileRef = 210E57811A29A4A2000B60FC /* Java.h */; };
		210E57861A29A574000B60FC /* JavaEngine.cpp in Sources */ = {isa = PBXBuildFile; fileRef = 210E57841A29A574000B60FC /* JavaEngine.cpp */; };
		211FBA391A14792C00B9B71E /* Round.h in Headers */ = {isa = PBXBuildFile; fileRef = 211FBA381A14792C00B9B71E /* Round.h */; };
		2120F96F1A3C63E300F8040C /* Vector.h in Headers */ = {isa = PBXBuildFile; fileRef = 2120F96E1A3C63E300F8040C /* Vector.h */; };
		212BFD161A1D0032002549F0 /* Node.h in Headers */ = {isa = PBXBuildFile; fileRef = 212BFD151A1D0032002549F0 /* Node.h */; };
		212BFD181A1D0056002549F0 /* Node.cpp in Sources */ = {isa = PBXBuildFile; fileRef = 212BFD171A1D0056002549F0 /* Node.cpp */; };
		213862D71A44F38E00311FAE /* SystemMethod.cpp in Sources */ = {isa = PBXBuildFile; fileRef = 213862D61A44F38E00311FAE /* SystemMethod.cpp */; };
		213E91091A4A912A001C2ED9 /* Base64.cpp in Sources */ = {isa = PBXBuildFile; fileRef = 213E91081A4A912A001C2ED9 /* Base64.cpp */; };
		214FC0ED1A4AEA3200456552 /* Base64.h in Headers */ = {isa = PBXBuildFile; fileRef = 214FC0EC1A4AEA3200456552 /* Base64.h */; };
		21620E4D1A147A5600690EA8 /* Log.h in Headers */ = {isa = PBXBuildFile; fileRef = 21620E4A1A147A5600690EA8 /* Log.h */; };
		21620E4E1A147A5600690EA8 /* Logger.h in Headers */ = {isa = PBXBuildFile; fileRef = 21620E4B1A147A5600690EA8 /* Logger.h */; };
		21620E4F1A147A5600690EA8 /* LoggerTarget.h in Headers */ = {isa = PBXBuildFile; fileRef = 21620E4C1A147A5600690EA8 /* LoggerTarget.h */; };
		21620E521A147A6400690EA8 /* Logger.cpp in Sources */ = {isa = PBXBuildFile; fileRef = 21620E511A147A6400690EA8 /* Logger.cpp */; };
		21620E541A14807D00690EA8 /* NodeConfig.h in Headers */ = {isa = PBXBuildFile; fileRef = 21620E531A14807D00690EA8 /* NodeConfig.h */; };
		21620E561A14809D00690EA8 /* NodeConfig.cpp in Sources */ = {isa = PBXBuildFile; fileRef = 21620E551A14809D00690EA8 /* NodeConfig.cpp */; };
		216E5FC31A13CBD80043C28B /* Client.h in Headers */ = {isa = PBXBuildFile; fileRef = 216E5FC01A13CBD80043C28B /* Client.h */; };
		216E5FC41A13CBD80043C28B /* Finder.h in Headers */ = {isa = PBXBuildFile; fileRef = 216E5FC11A13CBD80043C28B /* Finder.h */; };
		216E5FC51A13CBD80043C28B /* Server.h in Headers */ = {isa = PBXBuildFile; fileRef = 216E5FC21A13CBD80043C28B /* Server.h */; };
		216E5FC91A13CBEE0043C28B /* Client.cpp in Sources */ = {isa = PBXBuildFile; fileRef = 216E5FC61A13CBEE0043C28B /* Client.cpp */; };
		216E5FCA1A13CBEE0043C28B /* Finder.cpp in Sources */ = {isa = PBXBuildFile; fileRef = 216E5FC71A13CBEE0043C28B /* Finder.cpp */; };
		216E5FCB1A13CBEE0043C28B /* Server.cpp in Sources */ = {isa = PBXBuildFile; fileRef = 216E5FC81A13CBEE0043C28B /* Server.cpp */; };
		2173D4FB1A3822340098CA35 /* SystemMethodRequest.cpp in Sources */ = {isa = PBXBuildFile; fileRef = 2173D4F91A3822340098CA35 /* SystemMethodRequest.cpp */; };
		2173D4FC1A3822340098CA35 /* SystemMethodResponse.cpp in Sources */ = {isa = PBXBuildFile; fileRef = 2173D4FA1A3822340098CA35 /* SystemMethodResponse.cpp */; };
		217727891A2F8499001B4CE0 /* Request.cpp in Sources */ = {isa = PBXBuildFile; fileRef = 217727881A2F8499001B4CE0 /* Request.cpp */; };
		2177278B1A2F85F4001B4CE0 /* Response.cpp in Sources */ = {isa = PBXBuildFile; fileRef = 2177278A1A2F85F4001B4CE0 /* Response.cpp */; };
		2184F20E1A19938E007F1326 /* ClientCore.h in Headers */ = {isa = PBXBuildFile; fileRef = 2184F20D1A19938E007F1326 /* ClientCore.h */; };
		2184F2101A1993A3007F1326 /* ClientCore.cpp in Sources */ = {isa = PBXBuildFile; fileRef = 2184F20F1A1993A3007F1326 /* ClientCore.cpp */; };
		2184F2191A19B62C007F1326 /* NodeRequest.cpp in Sources */ = {isa = PBXBuildFile; fileRef = 2184F2171A19B62C007F1326 /* NodeRequest.cpp */; };
		2184F21A1A19B62C007F1326 /* NodeResponse.cpp in Sources */ = {isa = PBXBuildFile; fileRef = 2184F2181A19B62C007F1326 /* NodeResponse.cpp */; };
		2188042B1A22EF690053473E /* JavaScriptEngine.cpp in Sources */ = {isa = PBXBuildFile; fileRef = 2188042A1A22EF690053473E /* JavaScriptEngine.cpp */; };
		2192F13A1A4C244E00F72945 /* types.h in Headers */ = {isa = PBXBuildFile; fileRef = 2192F1391A4C244E00F72945 /* types.h */; };
		219428801A4E538A00F3EC33 /* NodeRequestOption.cpp in Sources */ = {isa = PBXBuildFile; fileRef = 2194287F1A4E538A00F3EC33 /* NodeRequestOption.cpp */; };
		21A7CB231A4D800E000288B5 /* HTTPUServer.cpp in Sources */ = {isa = PBXBuildFile; fileRef = 21A7CB211A4D800E000288B5 /* HTTPUServer.cpp */; };
		21A7CB261A4D8353000288B5 /* HTTPUServer.h in Headers */ = {isa = PBXBuildFile; fileRef = 21A7CB251A4D8353000288B5 /* HTTPUServer.h */; };
		21A99DFA1A405DD700663A47 /* SystemMethod.h in Headers */ = {isa = PBXBuildFile; fileRef = 21A99DF91A405DD700663A47 /* SystemMethod.h */; };
		21B1DF041A32C4C70070B65D /* LocalNodeWorker.cpp in Sources */ = {isa = PBXBuildFile; fileRef = 21B1DF031A32C4C70070B65D /* LocalNodeWorker.cpp */; };
		21C108591A36C2A200E22CAD /* LocalNodeScriptManager.cpp in Sources */ = {isa = PBXBuildFile; fileRef = 21C108581A36C2A200E22CAD /* LocalNodeScriptManager.cpp */; };
		21C169791A2CA5970059D95E /* RPC.h in Headers */ = {isa = PBXBuildFile; fileRef = 21C169781A2CA5970059D95E /* RPC.h */; };
		21C1697B1A2CA60A0059D95E /* RPC.cpp in Sources */ = {isa = PBXBuildFile; fileRef = 21C1697A1A2CA60A0059D95E /* RPC.cpp */; };
		21C1697E1A2CAD960059D95E /* Message.cpp in Sources */ = {isa = PBXBuildFile; fileRef = 21C1697D1A2CAD960059D95E /* Message.cpp */; };
		21CCABC51A145AAF00FE57DF /* ConsoleClient.h in Headers */ = {isa = PBXBuildFile; fileRef = 21CCABC31A145AAF00FE57DF /* ConsoleClient.h */; };
		21CCABC61A145AAF00FE57DF /* ConsoleError.h in Headers */ = {isa = PBXBuildFile; fileRef = 21CCABC41A145AAF00FE57DF /* ConsoleError.h */; };
		21CCABCA1A145AC900FE57DF /* ConsoleClient.cpp in Sources */ = {isa = PBXBuildFile; fileRef = 21CCABC81A145AC900FE57DF /* ConsoleClient.cpp */; };
		21CCABCB1A145AC900FE57DF /* ConsoleError.cpp in Sources */ = {isa = PBXBuildFile; fileRef = 21CCABC91A145AC900FE57DF /* ConsoleError.cpp */; };
		21CD1BA6192DC84B00452ADF /* liblibclink++.a in Frameworks */ = {isa = PBXBuildFile; fileRef = 21CD1BA1192DC83400452ADF /* liblibclink++.a */; };
		21DA085C1A17424A00D3DCE0 /* Cluster.h in Headers */ = {isa = PBXBuildFile; fileRef = 21DA08531A17424A00D3DCE0 /* Cluster.h */; };
		21DA085D1A17424A00D3DCE0 /* LocalNode.h in Headers */ = {isa = PBXBuildFile; fileRef = 21DA08541A17424A00D3DCE0 /* LocalNode.h */; };
		21DA085E1A17424A00D3DCE0 /* LocalNodeConfig.h in Headers */ = {isa = PBXBuildFile; fileRef = 21DA08551A17424A00D3DCE0 /* LocalNodeConfig.h */; };
		21DA085F1A17424A00D3DCE0 /* NodeCore.h in Headers */ = {isa = PBXBuildFile; fileRef = 21DA08561A17424A00D3DCE0 /* NodeCore.h */; };
		21DA08601A17424A00D3DCE0 /* NodeFinder.h in Headers */ = {isa = PBXBuildFile; fileRef = 21DA08571A17424A00D3DCE0 /* NodeFinder.h */; };
		21DA08611A17424A00D3DCE0 /* NodeGraph.h in Headers */ = {isa = PBXBuildFile; fileRef = 21DA08581A17424A00D3DCE0 /* NodeGraph.h */; };
		21DA08631A17424A00D3DCE0 /* NodeStatus.h in Headers */ = {isa = PBXBuildFile; fileRef = 21DA085A1A17424A00D3DCE0 /* NodeStatus.h */; };
		21DA08641A17424A00D3DCE0 /* RemoteNode.h in Headers */ = {isa = PBXBuildFile; fileRef = 21DA085B1A17424A00D3DCE0 /* RemoteNode.h */; };
		21DA08721A17426500D3DCE0 /* Cluster.cpp in Sources */ = {isa = PBXBuildFile; fileRef = 21DA08651A17426500D3DCE0 /* Cluster.cpp */; };
		21DA08731A17426500D3DCE0 /* ClusterList.cpp in Sources */ = {isa = PBXBuildFile; fileRef = 21DA08661A17426500D3DCE0 /* ClusterList.cpp */; };
		21DA08741A17426500D3DCE0 /* LocalNode.cpp in Sources */ = {isa = PBXBuildFile; fileRef = 21DA08671A17426500D3DCE0 /* LocalNode.cpp */; };
		21DA08751A17426500D3DCE0 /* LocalNodeConfig.cpp in Sources */ = {isa = PBXBuildFile; fileRef = 21DA08681A17426500D3DCE0 /* LocalNodeConfig.cpp */; };
		21DA08761A17426500D3DCE0 /* NodeCore.cpp in Sources */ = {isa = PBXBuildFile; fileRef = 21DA08691A17426500D3DCE0 /* NodeCore.cpp */; };
		21DA08771A17426500D3DCE0 /* NodeFinder.cpp in Sources */ = {isa = PBXBuildFile; fileRef = 21DA086A1A17426500D3DCE0 /* NodeFinder.cpp */; };
		21DA08781A17426500D3DCE0 /* NodeFinderNotification.cpp in Sources */ = {isa = PBXBuildFile; fileRef = 21DA086B1A17426500D3DCE0 /* NodeFinderNotification.cpp */; };
		21DA08791A17426500D3DCE0 /* NodeFinderObserver.cpp in Sources */ = {isa = PBXBuildFile; fileRef = 21DA086C1A17426500D3DCE0 /* NodeFinderObserver.cpp */; };
		21DA087A1A17426500D3DCE0 /* NodeGraph.cpp in Sources */ = {isa = PBXBuildFile; fileRef = 21DA086D1A17426500D3DCE0 /* NodeGraph.cpp */; };
		21DA087B1A17426500D3DCE0 /* NodeList.cpp in Sources */ = {isa = PBXBuildFile; fileRef = 21DA086E1A17426500D3DCE0 /* NodeList.cpp */; };
		21DA08801A1742EE00D3DCE0 /* ErrorNo.h in Headers */ = {isa = PBXBuildFile; fileRef = 21DA087F1A1742EE00D3DCE0 /* ErrorNo.h */; };
		21DA08821A17457D00D3DCE0 /* NodeMessage.h in Headers */ = {isa = PBXBuildFile; fileRef = 21DA08811A17457D00D3DCE0 /* NodeMessage.h */; };
		21DA08921A1747EB00D3DCE0 /* HTTP.h in Headers */ = {isa = PBXBuildFile; fileRef = 21DA08911A1747EB00D3DCE0 /* HTTP.h */; };
		21DA08C21A174EAB00D3DCE0 /* NodeStatus.cpp in Sources */ = {isa = PBXBuildFile; fileRef = 21DA08BF1A174EAB00D3DCE0 /* NodeStatus.cpp */; };
		21DA08C31A174EAB00D3DCE0 /* RemoteNode.cpp in Sources */ = {isa = PBXBuildFile; fileRef = 21DA08C01A174EAB00D3DCE0 /* RemoteNode.cpp */; };
		21DA08C91A175E7500D3DCE0 /* UPnPNodeFinder.h in Headers */ = {isa = PBXBuildFile; fileRef = 21DA08C71A175E7500D3DCE0 /* UPnPNodeFinder.h */; };
		21DA08CA1A175E7500D3DCE0 /* UPnPServerNode.h in Headers */ = {isa = PBXBuildFile; fileRef = 21DA08C81A175E7500D3DCE0 /* UPnPServerNode.h */; };
		21DA08CE1A175E8200D3DCE0 /* UPnPNodeFinder.cpp in Sources */ = {isa = PBXBuildFile; fileRef = 21DA08CC1A175E8200D3DCE0 /* UPnPNodeFinder.cpp */; };
		21DA08CF1A175E8200D3DCE0 /* UPnPServerNode.cpp in Sources */ = {isa = PBXBuildFile; fileRef = 21DA08CD1A175E8200D3DCE0 /* UPnPServerNode.cpp */; };
		21DA08D11A175F1000D3DCE0 /* ServerNode.h in Headers */ = {isa = PBXBuildFile; fileRef = 21DA08D01A175F1000D3DCE0 /* ServerNode.h */; };
		21DA08D31A175F3100D3DCE0 /* ServerNode.cpp in Sources */ = {isa = PBXBuildFile; fileRef = 21DA08D21A175F3100D3DCE0 /* ServerNode.cpp */; };
		21DE681B1A13B3D60049227E /* BitOption.h in Headers */ = {isa = PBXBuildFile; fileRef = 21DE68071A13B3D60049227E /* BitOption.h */; };
		21DE681C1A13B3D60049227E /* Clock.h in Headers */ = {isa = PBXBuildFile; fileRef = 21DE68081A13B3D60049227E /* Clock.h */; };
		21DE681D1A13B3D60049227E /* Cloneable.h in Headers */ = {isa = PBXBuildFile; fileRef = 21DE68091A13B3D60049227E /* Cloneable.h */; };
		21DE681E1A13B3D60049227E /* Configuration.h in Headers */ = {isa = PBXBuildFile; fileRef = 21DE680A1A13B3D60049227E /* Configuration.h */; };
		21DE681F1A13B3D60049227E /* ConsistentHash.h in Headers */ = {isa = PBXBuildFile; fileRef = 21DE680B1A13B3D60049227E /* ConsistentHash.h */; };
		21DE68201A13B3D60049227E /* Dictionary.h in Headers */ = {isa = PBXBuildFile; fileRef = 21DE680C1A13B3D60049227E /* Dictionary.h */; };
		21DE68211A13B3D60049227E /* Error.h in Headers */ = {isa = PBXBuildFile; fileRef = 21DE680D1A13B3D60049227E /* Error.h */; };
		21DE68221A13B3D60049227E /* HashObject.h in Headers */ = {isa = PBXBuildFile; fileRef = 21DE680E1A13B3D60049227E /* HashObject.h */; };
		21DE68231A13B3D60049227E /* JSON.h in Headers */ = {isa = PBXBuildFile; fileRef = 21DE680F1A13B3D60049227E /* JSON.h */; };
		21DE68241A13B3D60049227E /* Message.h in Headers */ = {isa = PBXBuildFile; fileRef = 21DE68101A13B3D60049227E /* Message.h */; };
		21DE68251A13B3D60049227E /* Mutex.h in Headers */ = {isa = PBXBuildFile; fileRef = 21DE68111A13B3D60049227E /* Mutex.h */; };
		21DE68261A13B3D60049227E /* Notification.h in Headers */ = {isa = PBXBuildFile; fileRef = 21DE68121A13B3D60049227E /* Notification.h */; };
		21DE68281A13B3D60049227E /* Properties.h in Headers */ = {isa = PBXBuildFile; fileRef = 21DE68141A13B3D60049227E /* Properties.h */; };
		21DE68291A13B3D60049227E /* Random.h in Headers */ = {isa = PBXBuildFile; fileRef = 21DE68151A13B3D60049227E /* Random.h */; };
		21DE682A1A13B3D60049227E /* Semaphore.h in Headers */ = {isa = PBXBuildFile; fileRef = 21DE68161A13B3D60049227E /* Semaphore.h */; };
		21DE682B1A13B3D60049227E /* Settings.h in Headers */ = {isa = PBXBuildFile; fileRef = 21DE68171A13B3D60049227E /* Settings.h */; };
		21DE682D1A13B3D60049227E /* StringTokenizer.h in Headers */ = {isa = PBXBuildFile; fileRef = 21DE68191A13B3D60049227E /* StringTokenizer.h */; };
		21DE682E1A13B3D60049227E /* Thread.h in Headers */ = {isa = PBXBuildFile; fileRef = 21DE681A1A13B3D60049227E /* Thread.h */; };
		21DE68811A13B3EA0049227E /* BitOption.cpp in Sources */ = {isa = PBXBuildFile; fileRef = 21DE685C1A13B3EA0049227E /* BitOption.cpp */; };
		21DE68821A13B3EA0049227E /* Clock.cpp in Sources */ = {isa = PBXBuildFile; fileRef = 21DE685D1A13B3EA0049227E /* Clock.cpp */; };
		21DE68831A13B3EA0049227E /* Configuration.cpp in Sources */ = {isa = PBXBuildFile; fileRef = 21DE685E1A13B3EA0049227E /* Configuration.cpp */; };
		21DE68841A13B3EA0049227E /* ConsistentHashGraph.cpp in Sources */ = {isa = PBXBuildFile; fileRef = 21DE685F1A13B3EA0049227E /* ConsistentHashGraph.cpp */; };
		21DE68851A13B3EA0049227E /* ConsistentHashNode.cpp in Sources */ = {isa = PBXBuildFile; fileRef = 21DE68601A13B3EA0049227E /* ConsistentHashNode.cpp */; };
		21DE68861A13B3EA0049227E /* ConsistentHashObject.cpp in Sources */ = {isa = PBXBuildFile; fileRef = 21DE68611A13B3EA0049227E /* ConsistentHashObject.cpp */; };
		21DE68871A13B3EA0049227E /* Dictionary.cpp in Sources */ = {isa = PBXBuildFile; fileRef = 21DE68621A13B3EA0049227E /* Dictionary.cpp */; };
		21DE68881A13B3EA0049227E /* DictionaryKeyList.cpp in Sources */ = {isa = PBXBuildFile; fileRef = 21DE68631A13B3EA0049227E /* DictionaryKeyList.cpp */; };
		21DE68891A13B3EA0049227E /* Error.cpp in Sources */ = {isa = PBXBuildFile; fileRef = 21DE68641A13B3EA0049227E /* Error.cpp */; };
		21DE688A1A13B3EA0049227E /* HashObject.cpp in Sources */ = {isa = PBXBuildFile; fileRef = 21DE68651A13B3EA0049227E /* HashObject.cpp */; };
		21DE68901A13B3EA0049227E /* MD5.cpp in Sources */ = {isa = PBXBuildFile; fileRef = 21DE686B1A13B3EA0049227E /* MD5.cpp */; };
		21DE68911A13B3EA0049227E /* MD5.h in Headers */ = {isa = PBXBuildFile; fileRef = 21DE686C1A13B3EA0049227E /* MD5.h */; };
		21DE68921A13B3EA0049227E /* Message.cpp in Sources */ = {isa = PBXBuildFile; fileRef = 21DE686D1A13B3EA0049227E /* Message.cpp */; };
		21DE68931A13B3EA0049227E /* MessageManager.cpp in Sources */ = {isa = PBXBuildFile; fileRef = 21DE686E1A13B3EA0049227E /* MessageManager.cpp */; };
		21DE68941A13B3EA0049227E /* MessageQueue.cpp in Sources */ = {isa = PBXBuildFile; fileRef = 21DE686F1A13B3EA0049227E /* MessageQueue.cpp */; };
		21DE68951A13B3EA0049227E /* Mutex.cpp in Sources */ = {isa = PBXBuildFile; fileRef = 21DE68701A13B3EA0049227E /* Mutex.cpp */; };
		21DE68961A13B3EA0049227E /* NotificationCenter.cpp in Sources */ = {isa = PBXBuildFile; fileRef = 21DE68711A13B3EA0049227E /* NotificationCenter.cpp */; };
		21DE68971A13B3EA0049227E /* NotificationObserver.cpp in Sources */ = {isa = PBXBuildFile; fileRef = 21DE68721A13B3EA0049227E /* NotificationObserver.cpp */; };
		21DE689B1A13B3EA0049227E /* Properties.cpp in Sources */ = {isa = PBXBuildFile; fileRef = 21DE68761A13B3EA0049227E /* Properties.cpp */; };
		21DE689C1A13B3EA0049227E /* Random.cpp in Sources */ = {isa = PBXBuildFile; fileRef = 21DE68771A13B3EA0049227E /* Random.cpp */; };
		21DE689D1A13B3EA0049227E /* Semaphore.cpp in Sources */ = {isa = PBXBuildFile; fileRef = 21DE68781A13B3EA0049227E /* Semaphore.cpp */; };
		21DE689E1A13B3EA0049227E /* Settings.cpp in Sources */ = {isa = PBXBuildFile; fileRef = 21DE68791A13B3EA0049227E /* Settings.cpp */; };
		21DE68A21A13B3EA0049227E /* StringTokenizer.cpp in Sources */ = {isa = PBXBuildFile; fileRef = 21DE687D1A13B3EA0049227E /* StringTokenizer.cpp */; };
		21DE68A31A13B3EA0049227E /* ThreadCore.cpp in Sources */ = {isa = PBXBuildFile; fileRef = 21DE687E1A13B3EA0049227E /* ThreadCore.cpp */; };
		21DE68A41A13B3EA0049227E /* ThreadList.cpp in Sources */ = {isa = PBXBuildFile; fileRef = 21DE687F1A13B3EA0049227E /* ThreadList.cpp */; };
		21DE68A51A13B3EA0049227E /* ThreadManager.cpp in Sources */ = {isa = PBXBuildFile; fileRef = 21DE68801A13B3EA0049227E /* ThreadManager.cpp */; };
		21E6AAA61A28BF83004E6762 /* ScriptEngineMap.cpp in Sources */ = {isa = PBXBuildFile; fileRef = 21E6AAA51A28BF83004E6762 /* ScriptEngineMap.cpp */; };
		21E6AAA81A28CCFA004E6762 /* ScriptManager.cpp in Sources */ = {isa = PBXBuildFile; fileRef = 21E6AAA71A28CCFA004E6762 /* ScriptManager.cpp */; };
		21EBA0861A501D460077A79A /* SHA.cpp in Sources */ = {isa = PBXBuildFile; fileRef = 21EBA0841A501D460077A79A /* SHA.cpp */; };
		21EBA0871A501D460077A79A /* SHA.h in Headers */ = {isa = PBXBuildFile; fileRef = 21EBA0851A501D460077A79A /* SHA.h */; };
		21FF09E71A45952300547B6B /* JSONParserJansson.cpp in Sources */ = {isa = PBXBuildFile; fileRef = 21FF09DF1A45952300547B6B /* JSONParserJansson.cpp */; };
		21FF09E81A45952300547B6B /* JSONParserParse.cpp in Sources */ = {isa = PBXBuildFile; fileRef = 21FF09E01A45952300547B6B /* JSONParserParse.cpp */; };
		21FF09E91A45952300547B6B /* JSONArray.cpp in Sources */ = {isa = PBXBuildFile; fileRef = 21FF09E11A45952300547B6B /* JSONArray.cpp */; };
		21FF09EA1A45952300547B6B /* JSONDictionary.cpp in Sources */ = {isa = PBXBuildFile; fileRef = 21FF09E21A45952300547B6B /* JSONDictionary.cpp */; };
		21FF09EB1A45952300547B6B /* JSONInterger.cpp in Sources */ = {isa = PBXBuildFile; fileRef = 21FF09E31A45952300547B6B /* JSONInterger.cpp */; };
		21FF09EC1A45952300547B6B /* JSONObject.cpp in Sources */ = {isa = PBXBuildFile; fileRef = 21FF09E41A45952300547B6B /* JSONObject.cpp */; };
		21FF09ED1A45952300547B6B /* JSONParser.cpp in Sources */ = {isa = PBXBuildFile; fileRef = 21FF09E51A45952300547B6B /* JSONParser.cpp */; };
		21FF09EE1A45952300547B6B /* JSONString.cpp in Sources */ = {isa = PBXBuildFile; fileRef = 21FF09E61A45952300547B6B /* JSONString.cpp */; };
		21FF09F11A4596FF00547B6B /* JSONBoolean.cpp in Sources */ = {isa = PBXBuildFile; fileRef = 21FF09EF1A4596FF00547B6B /* JSONBoolean.cpp */; };
		21FF09F21A4596FF00547B6B /* JSONNull.cpp in Sources */ = {isa = PBXBuildFile; fileRef = 21FF09F01A4596FF00547B6B /* JSONNull.cpp */; };
		21FF09F41A45BAFB00547B6B /* JSONReal.cpp in Sources */ = {isa = PBXBuildFile; fileRef = 21FF09F31A45BAFB00547B6B /* JSONReal.cpp */; };
/* End PBXBuildFile section */

/* Begin PBXContainerItemProxy section */
		21CD1BA0192DC83400452ADF /* PBXContainerItemProxy */ = {
			isa = PBXContainerItemProxy;
			containerPortal = 21CD1B9C192DC83300452ADF /* libclink++.xcodeproj */;
			proxyType = 2;
			remoteGlobalIDString = 219C21ED155C7877003ABA46;
			remoteInfo = "libclink++";
		};
		21CD1BA2192DC84400452ADF /* PBXContainerItemProxy */ = {
			isa = PBXContainerItemProxy;
			containerPortal = 21CD1B9C192DC83300452ADF /* libclink++.xcodeproj */;
			proxyType = 1;
			remoteGlobalIDString = 219C21EC155C7877003ABA46;
			remoteInfo = "libclink++";
		};
/* End PBXContainerItemProxy section */

/* Begin PBXFileReference section */
		2104C9BC1A21BBEA0049DA92 /* Script.h */ = {isa = PBXFileReference; fileEncoding = 4; lastKnownFileType = sourcecode.c.h; path = Script.h; sourceTree = "<group>"; };
		2104C9BE1A21BC640049DA92 /* Script.cpp */ = {isa = PBXFileReference; fileEncoding = 4; lastKnownFileType = sourcecode.cpp.cpp; path = Script.cpp; sourceTree = "<group>"; };
		2104C9C51A21E6D30049DA92 /* JavaScript.h */ = {isa = PBXFileReference; fileEncoding = 4; lastKnownFileType = sourcecode.c.h; path = JavaScript.h; sourceTree = "<group>"; };
		210E577B1A235BFD000B60FC /* ScriptEngine.cpp */ = {isa = PBXFileReference; fileEncoding = 4; lastKnownFileType = sourcecode.cpp.cpp; path = ScriptEngine.cpp; sourceTree = "<group>"; };
		210E577D1A235D49000B60FC /* ScriptMap.cpp */ = {isa = PBXFileReference; fileEncoding = 4; lastKnownFileType = sourcecode.cpp.cpp; path = ScriptMap.cpp; sourceTree = "<group>"; };
		210E57811A29A4A2000B60FC /* Java.h */ = {isa = PBXFileReference; fileEncoding = 4; lastKnownFileType = sourcecode.c.h; path = Java.h; sourceTree = "<group>"; };
		210E57841A29A574000B60FC /* JavaEngine.cpp */ = {isa = PBXFileReference; fileEncoding = 4; lastKnownFileType = sourcecode.cpp.cpp; path = JavaEngine.cpp; sourceTree = "<group>"; };
		211FBA381A14792C00B9B71E /* Round.h */ = {isa = PBXFileReference; fileEncoding = 4; lastKnownFileType = sourcecode.c.h; path = Round.h; sourceTree = "<group>"; };
		2120F96E1A3C63E300F8040C /* Vector.h */ = {isa = PBXFileReference; fileEncoding = 4; lastKnownFileType = sourcecode.c.h; path = Vector.h; sourceTree = "<group>"; };
		212BFD151A1D0032002549F0 /* Node.h */ = {isa = PBXFileReference; fileEncoding = 4; lastKnownFileType = sourcecode.c.h; path = Node.h; sourceTree = "<group>"; };
		212BFD171A1D0056002549F0 /* Node.cpp */ = {isa = PBXFileReference; fileEncoding = 4; lastKnownFileType = sourcecode.cpp.cpp; path = Node.cpp; sourceTree = "<group>"; };
		213862D61A44F38E00311FAE /* SystemMethod.cpp */ = {isa = PBXFileReference; fileEncoding = 4; lastKnownFileType = sourcecode.cpp.cpp; path = SystemMethod.cpp; sourceTree = "<group>"; };
		213E91081A4A912A001C2ED9 /* Base64.cpp */ = {isa = PBXFileReference; fileEncoding = 4; lastKnownFileType = sourcecode.cpp.cpp; path = Base64.cpp; sourceTree = "<group>"; };
		214FC0EC1A4AEA3200456552 /* Base64.h */ = {isa = PBXFileReference; fileEncoding = 4; lastKnownFileType = sourcecode.c.h; path = Base64.h; sourceTree = "<group>"; };
		21620E4A1A147A5600690EA8 /* Log.h */ = {isa = PBXFileReference; fileEncoding = 4; lastKnownFileType = sourcecode.c.h; path = Log.h; sourceTree = "<group>"; };
		21620E4B1A147A5600690EA8 /* Logger.h */ = {isa = PBXFileReference; fileEncoding = 4; lastKnownFileType = sourcecode.c.h; path = Logger.h; sourceTree = "<group>"; };
		21620E4C1A147A5600690EA8 /* LoggerTarget.h */ = {isa = PBXFileReference; fileEncoding = 4; lastKnownFileType = sourcecode.c.h; path = LoggerTarget.h; sourceTree = "<group>"; };
		21620E511A147A6400690EA8 /* Logger.cpp */ = {isa = PBXFileReference; fileEncoding = 4; lastKnownFileType = sourcecode.cpp.cpp; path = Logger.cpp; sourceTree = "<group>"; };
		21620E531A14807D00690EA8 /* NodeConfig.h */ = {isa = PBXFileReference; fileEncoding = 4; lastKnownFileType = sourcecode.c.h; path = NodeConfig.h; sourceTree = "<group>"; };
		21620E551A14809D00690EA8 /* NodeConfig.cpp */ = {isa = PBXFileReference; fileEncoding = 4; lastKnownFileType = sourcecode.cpp.cpp; path = NodeConfig.cpp; sourceTree = "<group>"; };
		216E5FC01A13CBD80043C28B /* Client.h */ = {isa = PBXFileReference; fileEncoding = 4; lastKnownFileType = sourcecode.c.h; path = Client.h; sourceTree = "<group>"; };
		216E5FC11A13CBD80043C28B /* Finder.h */ = {isa = PBXFileReference; fileEncoding = 4; lastKnownFileType = sourcecode.c.h; path = Finder.h; sourceTree = "<group>"; };
		216E5FC21A13CBD80043C28B /* Server.h */ = {isa = PBXFileReference; fileEncoding = 4; lastKnownFileType = sourcecode.c.h; path = Server.h; sourceTree = "<group>"; };
		216E5FC61A13CBEE0043C28B /* Client.cpp */ = {isa = PBXFileReference; fileEncoding = 4; lastKnownFileType = sourcecode.cpp.cpp; path = Client.cpp; sourceTree = "<group>"; };
		216E5FC71A13CBEE0043C28B /* Finder.cpp */ = {isa = PBXFileReference; fileEncoding = 4; lastKnownFileType = sourcecode.cpp.cpp; path = Finder.cpp; sourceTree = "<group>"; };
		216E5FC81A13CBEE0043C28B /* Server.cpp */ = {isa = PBXFileReference; fileEncoding = 4; lastKnownFileType = sourcecode.cpp.cpp; path = Server.cpp; sourceTree = "<group>"; };
		2173D4F91A3822340098CA35 /* SystemMethodRequest.cpp */ = {isa = PBXFileReference; fileEncoding = 4; lastKnownFileType = sourcecode.cpp.cpp; path = SystemMethodRequest.cpp; sourceTree = "<group>"; };
		2173D4FA1A3822340098CA35 /* SystemMethodResponse.cpp */ = {isa = PBXFileReference; fileEncoding = 4; lastKnownFileType = sourcecode.cpp.cpp; path = SystemMethodResponse.cpp; sourceTree = "<group>"; };
		217727881A2F8499001B4CE0 /* Request.cpp */ = {isa = PBXFileReference; fileEncoding = 4; lastKnownFileType = sourcecode.cpp.cpp; path = Request.cpp; sourceTree = "<group>"; };
		2177278A1A2F85F4001B4CE0 /* Response.cpp */ = {isa = PBXFileReference; fileEncoding = 4; lastKnownFileType = sourcecode.cpp.cpp; path = Response.cpp; sourceTree = "<group>"; };
		2184F20D1A19938E007F1326 /* ClientCore.h */ = {isa = PBXFileReference; fileEncoding = 4; lastKnownFileType = sourcecode.c.h; path = ClientCore.h; sourceTree = "<group>"; };
		2184F20F1A1993A3007F1326 /* ClientCore.cpp */ = {isa = PBXFileReference; fileEncoding = 4; lastKnownFileType = sourcecode.cpp.cpp; path = ClientCore.cpp; sourceTree = "<group>"; };
		2184F2171A19B62C007F1326 /* NodeRequest.cpp */ = {isa = PBXFileReference; fileEncoding = 4; lastKnownFileType = sourcecode.cpp.cpp; path = NodeRequest.cpp; sourceTree = "<group>"; };
		2184F2181A19B62C007F1326 /* NodeResponse.cpp */ = {isa = PBXFileReference; fileEncoding = 4; lastKnownFileType = sourcecode.cpp.cpp; path = NodeResponse.cpp; sourceTree = "<group>"; };
		2188042A1A22EF690053473E /* JavaScriptEngine.cpp */ = {isa = PBXFileReference; fileEncoding = 4; lastKnownFileType = sourcecode.cpp.cpp; path = JavaScriptEngine.cpp; sourceTree = "<group>"; };
		2192F1391A4C244E00F72945 /* types.h */ = {isa = PBXFileReference; fileEncoding = 4; lastKnownFileType = sourcecode.c.h; path = types.h; sourceTree = "<group>"; };
		2194287F1A4E538A00F3EC33 /* NodeRequestOption.cpp */ = {isa = PBXFileReference; fileEncoding = 4; lastKnownFileType = sourcecode.cpp.cpp; path = NodeRequestOption.cpp; sourceTree = "<group>"; };
		21A7CB211A4D800E000288B5 /* HTTPUServer.cpp */ = {isa = PBXFileReference; fileEncoding = 4; lastKnownFileType = sourcecode.cpp.cpp; path = HTTPUServer.cpp; sourceTree = "<group>"; };
		21A7CB251A4D8353000288B5 /* HTTPUServer.h */ = {isa = PBXFileReference; fileEncoding = 4; lastKnownFileType = sourcecode.c.h; path = HTTPUServer.h; sourceTree = "<group>"; };
		21A99DF91A405DD700663A47 /* SystemMethod.h */ = {isa = PBXFileReference; fileEncoding = 4; lastKnownFileType = sourcecode.c.h; path = SystemMethod.h; sourceTree = "<group>"; };
		21A9FFAA154014F300BDFCDC /* liblibround++.a */ = {isa = PBXFileReference; explicitFileType = archive.ar; includeInIndex = 0; path = "liblibround++.a"; sourceTree = BUILT_PRODUCTS_DIR; };
		21B1DF031A32C4C70070B65D /* LocalNodeWorker.cpp */ = {isa = PBXFileReference; fileEncoding = 4; lastKnownFileType = sourcecode.cpp.cpp; path = LocalNodeWorker.cpp; sourceTree = "<group>"; };
		21C108581A36C2A200E22CAD /* LocalNodeScriptManager.cpp */ = {isa = PBXFileReference; fileEncoding = 4; lastKnownFileType = sourcecode.cpp.cpp; path = LocalNodeScriptManager.cpp; sourceTree = "<group>"; };
		21C169781A2CA5970059D95E /* RPC.h */ = {isa = PBXFileReference; fileEncoding = 4; lastKnownFileType = sourcecode.c.h; path = RPC.h; sourceTree = "<group>"; };
		21C1697A1A2CA60A0059D95E /* RPC.cpp */ = {isa = PBXFileReference; fileEncoding = 4; lastKnownFileType = sourcecode.cpp.cpp; path = RPC.cpp; sourceTree = "<group>"; };
		21C1697D1A2CAD960059D95E /* Message.cpp */ = {isa = PBXFileReference; fileEncoding = 4; lastKnownFileType = sourcecode.cpp.cpp; path = Message.cpp; sourceTree = "<group>"; };
		21CCABC31A145AAF00FE57DF /* ConsoleClient.h */ = {isa = PBXFileReference; fileEncoding = 4; lastKnownFileType = sourcecode.c.h; path = ConsoleClient.h; sourceTree = "<group>"; };
		21CCABC41A145AAF00FE57DF /* ConsoleError.h */ = {isa = PBXFileReference; fileEncoding = 4; lastKnownFileType = sourcecode.c.h; path = ConsoleError.h; sourceTree = "<group>"; };
		21CCABC81A145AC900FE57DF /* ConsoleClient.cpp */ = {isa = PBXFileReference; fileEncoding = 4; lastKnownFileType = sourcecode.cpp.cpp; path = ConsoleClient.cpp; sourceTree = "<group>"; };
		21CCABC91A145AC900FE57DF /* ConsoleError.cpp */ = {isa = PBXFileReference; fileEncoding = 4; lastKnownFileType = sourcecode.cpp.cpp; path = ConsoleError.cpp; sourceTree = "<group>"; };
		21CD1B9C192DC83300452ADF /* libclink++.xcodeproj */ = {isa = PBXFileReference; lastKnownFileType = "wrapper.pb-project"; name = "libclink++.xcodeproj"; path = "../../../../clinkcc/lib/macosx/xcode/libclink++.xcodeproj"; sourceTree = "<group>"; };
		21DA08531A17424A00D3DCE0 /* Cluster.h */ = {isa = PBXFileReference; fileEncoding = 4; lastKnownFileType = sourcecode.c.h; path = Cluster.h; sourceTree = "<group>"; };
		21DA08541A17424A00D3DCE0 /* LocalNode.h */ = {isa = PBXFileReference; fileEncoding = 4; lastKnownFileType = sourcecode.c.h; path = LocalNode.h; sourceTree = "<group>"; };
		21DA08551A17424A00D3DCE0 /* LocalNodeConfig.h */ = {isa = PBXFileReference; fileEncoding = 4; lastKnownFileType = sourcecode.c.h; path = LocalNodeConfig.h; sourceTree = "<group>"; };
		21DA08561A17424A00D3DCE0 /* NodeCore.h */ = {isa = PBXFileReference; fileEncoding = 4; lastKnownFileType = sourcecode.c.h; path = NodeCore.h; sourceTree = "<group>"; };
		21DA08571A17424A00D3DCE0 /* NodeFinder.h */ = {isa = PBXFileReference; fileEncoding = 4; lastKnownFileType = sourcecode.c.h; path = NodeFinder.h; sourceTree = "<group>"; };
		21DA08581A17424A00D3DCE0 /* NodeGraph.h */ = {isa = PBXFileReference; fileEncoding = 4; lastKnownFileType = sourcecode.c.h; path = NodeGraph.h; sourceTree = "<group>"; };
		21DA085A1A17424A00D3DCE0 /* NodeStatus.h */ = {isa = PBXFileReference; fileEncoding = 4; lastKnownFileType = sourcecode.c.h; path = NodeStatus.h; sourceTree = "<group>"; };
		21DA085B1A17424A00D3DCE0 /* RemoteNode.h */ = {isa = PBXFileReference; fileEncoding = 4; lastKnownFileType = sourcecode.c.h; path = RemoteNode.h; sourceTree = "<group>"; };
		21DA08651A17426500D3DCE0 /* Cluster.cpp */ = {isa = PBXFileReference; fileEncoding = 4; lastKnownFileType = sourcecode.cpp.cpp; path = Cluster.cpp; sourceTree = "<group>"; };
		21DA08661A17426500D3DCE0 /* ClusterList.cpp */ = {isa = PBXFileReference; fileEncoding = 4; lastKnownFileType = sourcecode.cpp.cpp; path = ClusterList.cpp; sourceTree = "<group>"; };
		21DA08671A17426500D3DCE0 /* LocalNode.cpp */ = {isa = PBXFileReference; fileEncoding = 4; lastKnownFileType = sourcecode.cpp.cpp; path = LocalNode.cpp; sourceTree = "<group>"; };
		21DA08681A17426500D3DCE0 /* LocalNodeConfig.cpp */ = {isa = PBXFileReference; fileEncoding = 4; lastKnownFileType = sourcecode.cpp.cpp; path = LocalNodeConfig.cpp; sourceTree = "<group>"; };
		21DA08691A17426500D3DCE0 /* NodeCore.cpp */ = {isa = PBXFileReference; fileEncoding = 4; lastKnownFileType = sourcecode.cpp.cpp; path = NodeCore.cpp; sourceTree = "<group>"; };
		21DA086A1A17426500D3DCE0 /* NodeFinder.cpp */ = {isa = PBXFileReference; fileEncoding = 4; lastKnownFileType = sourcecode.cpp.cpp; path = NodeFinder.cpp; sourceTree = "<group>"; };
		21DA086B1A17426500D3DCE0 /* NodeFinderNotification.cpp */ = {isa = PBXFileReference; fileEncoding = 4; lastKnownFileType = sourcecode.cpp.cpp; path = NodeFinderNotification.cpp; sourceTree = "<group>"; };
		21DA086C1A17426500D3DCE0 /* NodeFinderObserver.cpp */ = {isa = PBXFileReference; fileEncoding = 4; lastKnownFileType = sourcecode.cpp.cpp; path = NodeFinderObserver.cpp; sourceTree = "<group>"; };
		21DA086D1A17426500D3DCE0 /* NodeGraph.cpp */ = {isa = PBXFileReference; fileEncoding = 4; lastKnownFileType = sourcecode.cpp.cpp; path = NodeGraph.cpp; sourceTree = "<group>"; };
		21DA086E1A17426500D3DCE0 /* NodeList.cpp */ = {isa = PBXFileReference; fileEncoding = 4; lastKnownFileType = sourcecode.cpp.cpp; path = NodeList.cpp; sourceTree = "<group>"; };
		21DA087F1A1742EE00D3DCE0 /* ErrorNo.h */ = {isa = PBXFileReference; fileEncoding = 4; lastKnownFileType = sourcecode.c.h; path = ErrorNo.h; sourceTree = "<group>"; };
		21DA08811A17457D00D3DCE0 /* NodeMessage.h */ = {isa = PBXFileReference; fileEncoding = 4; lastKnownFileType = sourcecode.c.h; path = NodeMessage.h; sourceTree = "<group>"; };
		21DA08911A1747EB00D3DCE0 /* HTTP.h */ = {isa = PBXFileReference; fileEncoding = 4; lastKnownFileType = sourcecode.c.h; path = HTTP.h; sourceTree = "<group>"; };
		21DA08BF1A174EAB00D3DCE0 /* NodeStatus.cpp */ = {isa = PBXFileReference; fileEncoding = 4; lastKnownFileType = sourcecode.cpp.cpp; path = NodeStatus.cpp; sourceTree = "<group>"; };
		21DA08C01A174EAB00D3DCE0 /* RemoteNode.cpp */ = {isa = PBXFileReference; fileEncoding = 4; lastKnownFileType = sourcecode.cpp.cpp; path = RemoteNode.cpp; sourceTree = "<group>"; };
		21DA08C71A175E7500D3DCE0 /* UPnPNodeFinder.h */ = {isa = PBXFileReference; fileEncoding = 4; lastKnownFileType = sourcecode.c.h; path = UPnPNodeFinder.h; sourceTree = "<group>"; };
		21DA08C81A175E7500D3DCE0 /* UPnPServerNode.h */ = {isa = PBXFileReference; fileEncoding = 4; lastKnownFileType = sourcecode.c.h; path = UPnPServerNode.h; sourceTree = "<group>"; };
		21DA08CC1A175E8200D3DCE0 /* UPnPNodeFinder.cpp */ = {isa = PBXFileReference; fileEncoding = 4; lastKnownFileType = sourcecode.cpp.cpp; path = UPnPNodeFinder.cpp; sourceTree = "<group>"; };
		21DA08CD1A175E8200D3DCE0 /* UPnPServerNode.cpp */ = {isa = PBXFileReference; fileEncoding = 4; lastKnownFileType = sourcecode.cpp.cpp; path = UPnPServerNode.cpp; sourceTree = "<group>"; };
		21DA08D01A175F1000D3DCE0 /* ServerNode.h */ = {isa = PBXFileReference; fileEncoding = 4; lastKnownFileType = sourcecode.c.h; path = ServerNode.h; sourceTree = "<group>"; };
		21DA08D21A175F3100D3DCE0 /* ServerNode.cpp */ = {isa = PBXFileReference; fileEncoding = 4; lastKnownFileType = sourcecode.cpp.cpp; path = ServerNode.cpp; sourceTree = "<group>"; };
		21DE68071A13B3D60049227E /* BitOption.h */ = {isa = PBXFileReference; fileEncoding = 4; lastKnownFileType = sourcecode.c.h; path = BitOption.h; sourceTree = "<group>"; };
		21DE68081A13B3D60049227E /* Clock.h */ = {isa = PBXFileReference; fileEncoding = 4; lastKnownFileType = sourcecode.c.h; path = Clock.h; sourceTree = "<group>"; };
		21DE68091A13B3D60049227E /* Cloneable.h */ = {isa = PBXFileReference; fileEncoding = 4; lastKnownFileType = sourcecode.c.h; path = Cloneable.h; sourceTree = "<group>"; };
		21DE680A1A13B3D60049227E /* Configuration.h */ = {isa = PBXFileReference; fileEncoding = 4; lastKnownFileType = sourcecode.c.h; path = Configuration.h; sourceTree = "<group>"; };
		21DE680B1A13B3D60049227E /* ConsistentHash.h */ = {isa = PBXFileReference; fileEncoding = 4; lastKnownFileType = sourcecode.c.h; path = ConsistentHash.h; sourceTree = "<group>"; };
		21DE680C1A13B3D60049227E /* Dictionary.h */ = {isa = PBXFileReference; fileEncoding = 4; lastKnownFileType = sourcecode.c.h; path = Dictionary.h; sourceTree = "<group>"; };
		21DE680D1A13B3D60049227E /* Error.h */ = {isa = PBXFileReference; fileEncoding = 4; lastKnownFileType = sourcecode.c.h; path = Error.h; sourceTree = "<group>"; };
		21DE680E1A13B3D60049227E /* HashObject.h */ = {isa = PBXFileReference; fileEncoding = 4; lastKnownFileType = sourcecode.c.h; path = HashObject.h; sourceTree = "<group>"; };
		21DE680F1A13B3D60049227E /* JSON.h */ = {isa = PBXFileReference; fileEncoding = 4; lastKnownFileType = sourcecode.c.h; path = JSON.h; sourceTree = "<group>"; };
		21DE68101A13B3D60049227E /* Message.h */ = {isa = PBXFileReference; fileEncoding = 4; lastKnownFileType = sourcecode.c.h; path = Message.h; sourceTree = "<group>"; };
		21DE68111A13B3D60049227E /* Mutex.h */ = {isa = PBXFileReference; fileEncoding = 4; lastKnownFileType = sourcecode.c.h; path = Mutex.h; sourceTree = "<group>"; };
		21DE68121A13B3D60049227E /* Notification.h */ = {isa = PBXFileReference; fileEncoding = 4; lastKnownFileType = sourcecode.c.h; path = Notification.h; sourceTree = "<group>"; };
		21DE68141A13B3D60049227E /* Properties.h */ = {isa = PBXFileReference; fileEncoding = 4; lastKnownFileType = sourcecode.c.h; path = Properties.h; sourceTree = "<group>"; };
		21DE68151A13B3D60049227E /* Random.h */ = {isa = PBXFileReference; fileEncoding = 4; lastKnownFileType = sourcecode.c.h; path = Random.h; sourceTree = "<group>"; };
		21DE68161A13B3D60049227E /* Semaphore.h */ = {isa = PBXFileReference; fileEncoding = 4; lastKnownFileType = sourcecode.c.h; path = Semaphore.h; sourceTree = "<group>"; };
		21DE68171A13B3D60049227E /* Settings.h */ = {isa = PBXFileReference; fileEncoding = 4; lastKnownFileType = sourcecode.c.h; path = Settings.h; sourceTree = "<group>"; };
		21DE68191A13B3D60049227E /* StringTokenizer.h */ = {isa = PBXFileReference; fileEncoding = 4; lastKnownFileType = sourcecode.c.h; path = StringTokenizer.h; sourceTree = "<group>"; };
		21DE681A1A13B3D60049227E /* Thread.h */ = {isa = PBXFileReference; fileEncoding = 4; lastKnownFileType = sourcecode.c.h; path = Thread.h; sourceTree = "<group>"; };
		21DE685C1A13B3EA0049227E /* BitOption.cpp */ = {isa = PBXFileReference; fileEncoding = 4; lastKnownFileType = sourcecode.cpp.cpp; path = BitOption.cpp; sourceTree = "<group>"; };
		21DE685D1A13B3EA0049227E /* Clock.cpp */ = {isa = PBXFileReference; fileEncoding = 4; lastKnownFileType = sourcecode.cpp.cpp; path = Clock.cpp; sourceTree = "<group>"; };
		21DE685E1A13B3EA0049227E /* Configuration.cpp */ = {isa = PBXFileReference; fileEncoding = 4; lastKnownFileType = sourcecode.cpp.cpp; path = Configuration.cpp; sourceTree = "<group>"; };
		21DE685F1A13B3EA0049227E /* ConsistentHashGraph.cpp */ = {isa = PBXFileReference; fileEncoding = 4; lastKnownFileType = sourcecode.cpp.cpp; path = ConsistentHashGraph.cpp; sourceTree = "<group>"; };
		21DE68601A13B3EA0049227E /* ConsistentHashNode.cpp */ = {isa = PBXFileReference; fileEncoding = 4; lastKnownFileType = sourcecode.cpp.cpp; path = ConsistentHashNode.cpp; sourceTree = "<group>"; };
		21DE68611A13B3EA0049227E /* ConsistentHashObject.cpp */ = {isa = PBXFileReference; fileEncoding = 4; lastKnownFileType = sourcecode.cpp.cpp; path = ConsistentHashObject.cpp; sourceTree = "<group>"; };
		21DE68621A13B3EA0049227E /* Dictionary.cpp */ = {isa = PBXFileReference; fileEncoding = 4; lastKnownFileType = sourcecode.cpp.cpp; path = Dictionary.cpp; sourceTree = "<group>"; };
		21DE68631A13B3EA0049227E /* DictionaryKeyList.cpp */ = {isa = PBXFileReference; fileEncoding = 4; lastKnownFileType = sourcecode.cpp.cpp; path = DictionaryKeyList.cpp; sourceTree = "<group>"; };
		21DE68641A13B3EA0049227E /* Error.cpp */ = {isa = PBXFileReference; fileEncoding = 4; lastKnownFileType = sourcecode.cpp.cpp; path = Error.cpp; sourceTree = "<group>"; };
		21DE68651A13B3EA0049227E /* HashObject.cpp */ = {isa = PBXFileReference; fileEncoding = 4; lastKnownFileType = sourcecode.cpp.cpp; path = HashObject.cpp; sourceTree = "<group>"; };
		21DE686B1A13B3EA0049227E /* MD5.cpp */ = {isa = PBXFileReference; fileEncoding = 4; lastKnownFileType = sourcecode.cpp.cpp; path = MD5.cpp; sourceTree = "<group>"; };
		21DE686C1A13B3EA0049227E /* MD5.h */ = {isa = PBXFileReference; fileEncoding = 4; lastKnownFileType = sourcecode.c.h; path = MD5.h; sourceTree = "<group>"; };
		21DE686D1A13B3EA0049227E /* Message.cpp */ = {isa = PBXFileReference; fileEncoding = 4; lastKnownFileType = sourcecode.cpp.cpp; path = Message.cpp; sourceTree = "<group>"; };
		21DE686E1A13B3EA0049227E /* MessageManager.cpp */ = {isa = PBXFileReference; fileEncoding = 4; lastKnownFileType = sourcecode.cpp.cpp; path = MessageManager.cpp; sourceTree = "<group>"; };
		21DE686F1A13B3EA0049227E /* MessageQueue.cpp */ = {isa = PBXFileReference; fileEncoding = 4; lastKnownFileType = sourcecode.cpp.cpp; path = MessageQueue.cpp; sourceTree = "<group>"; };
		21DE68701A13B3EA0049227E /* Mutex.cpp */ = {isa = PBXFileReference; fileEncoding = 4; lastKnownFileType = sourcecode.cpp.cpp; path = Mutex.cpp; sourceTree = "<group>"; };
		21DE68711A13B3EA0049227E /* NotificationCenter.cpp */ = {isa = PBXFileReference; fileEncoding = 4; lastKnownFileType = sourcecode.cpp.cpp; path = NotificationCenter.cpp; sourceTree = "<group>"; };
		21DE68721A13B3EA0049227E /* NotificationObserver.cpp */ = {isa = PBXFileReference; fileEncoding = 4; lastKnownFileType = sourcecode.cpp.cpp; path = NotificationObserver.cpp; sourceTree = "<group>"; };
		21DE68761A13B3EA0049227E /* Properties.cpp */ = {isa = PBXFileReference; fileEncoding = 4; lastKnownFileType = sourcecode.cpp.cpp; path = Properties.cpp; sourceTree = "<group>"; };
		21DE68771A13B3EA0049227E /* Random.cpp */ = {isa = PBXFileReference; fileEncoding = 4; lastKnownFileType = sourcecode.cpp.cpp; path = Random.cpp; sourceTree = "<group>"; };
		21DE68781A13B3EA0049227E /* Semaphore.cpp */ = {isa = PBXFileReference; fileEncoding = 4; lastKnownFileType = sourcecode.cpp.cpp; path = Semaphore.cpp; sourceTree = "<group>"; };
		21DE68791A13B3EA0049227E /* Settings.cpp */ = {isa = PBXFileReference; fileEncoding = 4; lastKnownFileType = sourcecode.cpp.cpp; path = Settings.cpp; sourceTree = "<group>"; };
		21DE687D1A13B3EA0049227E /* StringTokenizer.cpp */ = {isa = PBXFileReference; fileEncoding = 4; lastKnownFileType = sourcecode.cpp.cpp; path = StringTokenizer.cpp; sourceTree = "<group>"; };
		21DE687E1A13B3EA0049227E /* ThreadCore.cpp */ = {isa = PBXFileReference; fileEncoding = 4; lastKnownFileType = sourcecode.cpp.cpp; path = ThreadCore.cpp; sourceTree = "<group>"; };
		21DE687F1A13B3EA0049227E /* ThreadList.cpp */ = {isa = PBXFileReference; fileEncoding = 4; lastKnownFileType = sourcecode.cpp.cpp; path = ThreadList.cpp; sourceTree = "<group>"; };
		21DE68801A13B3EA0049227E /* ThreadManager.cpp */ = {isa = PBXFileReference; fileEncoding = 4; lastKnownFileType = sourcecode.cpp.cpp; path = ThreadManager.cpp; sourceTree = "<group>"; };
		21E6AAA51A28BF83004E6762 /* ScriptEngineMap.cpp */ = {isa = PBXFileReference; fileEncoding = 4; lastKnownFileType = sourcecode.cpp.cpp; path = ScriptEngineMap.cpp; sourceTree = "<group>"; };
		21E6AAA71A28CCFA004E6762 /* ScriptManager.cpp */ = {isa = PBXFileReference; fileEncoding = 4; lastKnownFileType = sourcecode.cpp.cpp; path = ScriptManager.cpp; sourceTree = "<group>"; };
		21EBA0841A501D460077A79A /* SHA.cpp */ = {isa = PBXFileReference; fileEncoding = 4; lastKnownFileType = sourcecode.cpp.cpp; path = SHA.cpp; sourceTree = "<group>"; };
		21EBA0851A501D460077A79A /* SHA.h */ = {isa = PBXFileReference; fileEncoding = 4; lastKnownFileType = sourcecode.c.h; path = SHA.h; sourceTree = "<group>"; };
		21FF09DF1A45952300547B6B /* JSONParserJansson.cpp */ = {isa = PBXFileReference; fileEncoding = 4; lastKnownFileType = sourcecode.cpp.cpp; path = JSONParserJansson.cpp; sourceTree = "<group>"; };
		21FF09E01A45952300547B6B /* JSONParserParse.cpp */ = {isa = PBXFileReference; fileEncoding = 4; lastKnownFileType = sourcecode.cpp.cpp; path = JSONParserParse.cpp; sourceTree = "<group>"; };
		21FF09E11A45952300547B6B /* JSONArray.cpp */ = {isa = PBXFileReference; fileEncoding = 4; lastKnownFileType = sourcecode.cpp.cpp; path = JSONArray.cpp; sourceTree = "<group>"; };
		21FF09E21A45952300547B6B /* JSONDictionary.cpp */ = {isa = PBXFileReference; fileEncoding = 4; lastKnownFileType = sourcecode.cpp.cpp; path = JSONDictionary.cpp; sourceTree = "<group>"; };
		21FF09E31A45952300547B6B /* JSONInterger.cpp */ = {isa = PBXFileReference; fileEncoding = 4; lastKnownFileType = sourcecode.cpp.cpp; path = JSONInterger.cpp; sourceTree = "<group>"; };
		21FF09E41A45952300547B6B /* JSONObject.cpp */ = {isa = PBXFileReference; fileEncoding = 4; lastKnownFileType = sourcecode.cpp.cpp; path = JSONObject.cpp; sourceTree = "<group>"; };
		21FF09E51A45952300547B6B /* JSONParser.cpp */ = {isa = PBXFileReference; fileEncoding = 4; lastKnownFileType = sourcecode.cpp.cpp; path = JSONParser.cpp; sourceTree = "<group>"; };
		21FF09E61A45952300547B6B /* JSONString.cpp */ = {isa = PBXFileReference; fileEncoding = 4; lastKnownFileType = sourcecode.cpp.cpp; path = JSONString.cpp; sourceTree = "<group>"; };
		21FF09EF1A4596FF00547B6B /* JSONBoolean.cpp */ = {isa = PBXFileReference; fileEncoding = 4; lastKnownFileType = sourcecode.cpp.cpp; path = JSONBoolean.cpp; sourceTree = "<group>"; };
		21FF09F01A4596FF00547B6B /* JSONNull.cpp */ = {isa = PBXFileReference; fileEncoding = 4; lastKnownFileType = sourcecode.cpp.cpp; path = JSONNull.cpp; sourceTree = "<group>"; };
		21FF09F31A45BAFB00547B6B /* JSONReal.cpp */ = {isa = PBXFileReference; fileEncoding = 4; lastKnownFileType = sourcecode.cpp.cpp; path = JSONReal.cpp; sourceTree = "<group>"; };
/* End PBXFileReference section */

/* Begin PBXFrameworksBuildPhase section */
		21A9FFA7154014F300BDFCDC /* Frameworks */ = {
			isa = PBXFrameworksBuildPhase;
			buildActionMask = 2147483647;
			files = (
				21CD1BA6192DC84B00452ADF /* liblibclink++.a in Frameworks */,
			);
			runOnlyForDeploymentPostprocessing = 0;
		};
/* End PBXFrameworksBuildPhase section */

/* Begin PBXGroup section */
		21620E491A147A5600690EA8 /* core */ = {
			isa = PBXGroup;
			children = (
				2184F20D1A19938E007F1326 /* ClientCore.h */,
				21DA08531A17424A00D3DCE0 /* Cluster.h */,
				21DA087F1A1742EE00D3DCE0 /* ErrorNo.h */,
				21DA08911A1747EB00D3DCE0 /* HTTP.h */,
				21DA08541A17424A00D3DCE0 /* LocalNode.h */,
				21DA08551A17424A00D3DCE0 /* LocalNodeConfig.h */,
				21620E4A1A147A5600690EA8 /* Log.h */,
				21620E4B1A147A5600690EA8 /* Logger.h */,
				21620E4C1A147A5600690EA8 /* LoggerTarget.h */,
				212BFD151A1D0032002549F0 /* Node.h */,
				21620E531A14807D00690EA8 /* NodeConfig.h */,
				21DA08561A17424A00D3DCE0 /* NodeCore.h */,
				21DA08571A17424A00D3DCE0 /* NodeFinder.h */,
				21DA08581A17424A00D3DCE0 /* NodeGraph.h */,
				21DA08811A17457D00D3DCE0 /* NodeMessage.h */,
				21DA085A1A17424A00D3DCE0 /* NodeStatus.h */,
				21DA085B1A17424A00D3DCE0 /* RemoteNode.h */,
				2104C9BC1A21BBEA0049DA92 /* Script.h */,
				21DA08D01A175F1000D3DCE0 /* ServerNode.h */,
				21A99DF91A405DD700663A47 /* SystemMethod.h */,
				21DA08C61A175E7500D3DCE0 /* impl */,
			);
			path = core;
			sourceTree = "<group>";
		};
		21620E501A147A6400690EA8 /* core */ = {
			isa = PBXGroup;
			children = (
				2184F20F1A1993A3007F1326 /* ClientCore.cpp */,
				21DA08651A17426500D3DCE0 /* Cluster.cpp */,
				21DA08661A17426500D3DCE0 /* ClusterList.cpp */,
				21DA08671A17426500D3DCE0 /* LocalNode.cpp */,
				21DA08681A17426500D3DCE0 /* LocalNodeConfig.cpp */,
				21C108581A36C2A200E22CAD /* LocalNodeScriptManager.cpp */,
				21B1DF031A32C4C70070B65D /* LocalNodeWorker.cpp */,
				21620E511A147A6400690EA8 /* Logger.cpp */,
				212BFD171A1D0056002549F0 /* Node.cpp */,
				21620E551A14809D00690EA8 /* NodeConfig.cpp */,
				21DA08691A17426500D3DCE0 /* NodeCore.cpp */,
				21DA086A1A17426500D3DCE0 /* NodeFinder.cpp */,
				21DA086B1A17426500D3DCE0 /* NodeFinderNotification.cpp */,
				21DA086C1A17426500D3DCE0 /* NodeFinderObserver.cpp */,
				21DA086D1A17426500D3DCE0 /* NodeGraph.cpp */,
				21DA086E1A17426500D3DCE0 /* NodeList.cpp */,
				2184F2171A19B62C007F1326 /* NodeRequest.cpp */,
				2194287F1A4E538A00F3EC33 /* NodeRequestOption.cpp */,
				2184F2181A19B62C007F1326 /* NodeResponse.cpp */,
				21DA08BF1A174EAB00D3DCE0 /* NodeStatus.cpp */,
				21DA08C01A174EAB00D3DCE0 /* RemoteNode.cpp */,
				2104C9BE1A21BC640049DA92 /* Script.cpp */,
				210E577B1A235BFD000B60FC /* ScriptEngine.cpp */,
				21E6AAA51A28BF83004E6762 /* ScriptEngineMap.cpp */,
				21E6AAA71A28CCFA004E6762 /* ScriptManager.cpp */,
				210E577D1A235D49000B60FC /* ScriptMap.cpp */,
				21DA08D21A175F3100D3DCE0 /* ServerNode.cpp */,
				213862D61A44F38E00311FAE /* SystemMethod.cpp */,
				2173D4F91A3822340098CA35 /* SystemMethodRequest.cpp */,
				2173D4FA1A3822340098CA35 /* SystemMethodResponse.cpp */,
				21DA08CB1A175E8200D3DCE0 /* impl */,
			);
			path = core;
			sourceTree = "<group>";
		};
		21A41AB01540235B008085EB /* Headers */ = {
			isa = PBXGroup;
			children = (
				21DE68051A13B3D60049227E /* round */,
			);
			name = Headers;
			sourceTree = "<group>";
		};
		21A41AB21540236B008085EB /* Sources */ = {
			isa = PBXGroup;
			children = (
				21DE682F1A13B3EA0049227E /* round */,
			);
			name = Sources;
			sourceTree = "<group>";
		};
		21A9FF9F154014F300BDFCDC = {
			isa = PBXGroup;
			children = (
				21A41AB01540235B008085EB /* Headers */,
				21A41AB21540236B008085EB /* Sources */,
				21CD1B95192DC7E000452ADF /* Libraries */,
				21A9FFAB154014F300BDFCDC /* Products */,
			);
			indentWidth = 2;
			sourceTree = "<group>";
			tabWidth = 2;
		};
		21A9FFAB154014F300BDFCDC /* Products */ = {
			isa = PBXGroup;
			children = (
				21A9FFAA154014F300BDFCDC /* liblibround++.a */,
			);
			name = Products;
			sourceTree = "<group>";
		};
		21C1697C1A2CAD960059D95E /* rpc */ = {
			isa = PBXGroup;
			children = (
				2177278A1A2F85F4001B4CE0 /* Response.cpp */,
				217727881A2F8499001B4CE0 /* Request.cpp */,
				21C1697D1A2CAD960059D95E /* Message.cpp */,
			);
			path = rpc;
			sourceTree = "<group>";
		};
		21CCABC21A145AAF00FE57DF /* ui */ = {
			isa = PBXGroup;
			children = (
				21CCABC31A145AAF00FE57DF /* ConsoleClient.h */,
				21CCABC41A145AAF00FE57DF /* ConsoleError.h */,
			);
			path = ui;
			sourceTree = "<group>";
		};
		21CCABC71A145AC900FE57DF /* ui */ = {
			isa = PBXGroup;
			children = (
				21CCABC81A145AC900FE57DF /* ConsoleClient.cpp */,
				21CCABC91A145AC900FE57DF /* ConsoleError.cpp */,
			);
			path = ui;
			sourceTree = "<group>";
		};
		21CD1B95192DC7E000452ADF /* Libraries */ = {
			isa = PBXGroup;
			children = (
				21CD1B9C192DC83300452ADF /* libclink++.xcodeproj */,
			);
			name = Libraries;
			sourceTree = "<group>";
		};
		21CD1B9D192DC83300452ADF /* Products */ = {
			isa = PBXGroup;
			children = (
				21CD1BA1192DC83400452ADF /* liblibclink++.a */,
			);
			name = Products;
			sourceTree = "<group>";
		};
		21DA08C61A175E7500D3DCE0 /* impl */ = {
			isa = PBXGroup;
			children = (
				21A7CB251A4D8353000288B5 /* HTTPUServer.h */,
				210E57811A29A4A2000B60FC /* Java.h */,
				2104C9C51A21E6D30049DA92 /* JavaScript.h */,
				21DA08C71A175E7500D3DCE0 /* UPnPNodeFinder.h */,
				21DA08C81A175E7500D3DCE0 /* UPnPServerNode.h */,
			);
			path = impl;
			sourceTree = "<group>";
		};
		21DA08CB1A175E8200D3DCE0 /* impl */ = {
			isa = PBXGroup;
			children = (
				21A7CB211A4D800E000288B5 /* HTTPUServer.cpp */,
				2188042A1A22EF690053473E /* JavaScriptEngine.cpp */,
				210E57841A29A574000B60FC /* JavaEngine.cpp */,
				21DA08CC1A175E8200D3DCE0 /* UPnPNodeFinder.cpp */,
				21DA08CD1A175E8200D3DCE0 /* UPnPServerNode.cpp */,
			);
			path = impl;
			sourceTree = "<group>";
		};
		21DE68051A13B3D60049227E /* round */ = {
			isa = PBXGroup;
			children = (
				21620E491A147A5600690EA8 /* core */,
				21DE68061A13B3D60049227E /* common */,
				21CCABC21A145AAF00FE57DF /* ui */,
				216E5FC01A13CBD80043C28B /* Client.h */,
				216E5FC11A13CBD80043C28B /* Finder.h */,
				216E5FC21A13CBD80043C28B /* Server.h */,
				211FBA381A14792C00B9B71E /* Round.h */,
			);
			name = round;
			path = ../../../include/round;
			sourceTree = "<group>";
		};
		21DE68061A13B3D60049227E /* common */ = {
			isa = PBXGroup;
			children = (
				2192F1391A4C244E00F72945 /* types.h */,
				21DE68071A13B3D60049227E /* BitOption.h */,
				21DE68081A13B3D60049227E /* Clock.h */,
				21DE68091A13B3D60049227E /* Cloneable.h */,
				21DE680A1A13B3D60049227E /* Configuration.h */,
				21DE680B1A13B3D60049227E /* ConsistentHash.h */,
				21DE680C1A13B3D60049227E /* Dictionary.h */,
				21DE680D1A13B3D60049227E /* Error.h */,
				21DE680E1A13B3D60049227E /* HashObject.h */,
				21DE680F1A13B3D60049227E /* JSON.h */,
				21DE68101A13B3D60049227E /* Message.h */,
				21DE68111A13B3D60049227E /* Mutex.h */,
				21DE68121A13B3D60049227E /* Notification.h */,
				21DE68141A13B3D60049227E /* Properties.h */,
				21DE68151A13B3D60049227E /* Random.h */,
				21C169781A2CA5970059D95E /* RPC.h */,
				21DE68161A13B3D60049227E /* Semaphore.h */,
				21DE68171A13B3D60049227E /* Settings.h */,
				21DE68191A13B3D60049227E /* StringTokenizer.h */,
				21DE681A1A13B3D60049227E /* Thread.h */,
				2120F96E1A3C63E300F8040C /* Vector.h */,
			);
			path = common;
			sourceTree = "<group>";
		};
		21DE682F1A13B3EA0049227E /* round */ = {
			isa = PBXGroup;
			children = (
				21620E501A147A6400690EA8 /* core */,
				21DE68371A13B3EA0049227E /* common */,
				21CCABC71A145AC900FE57DF /* ui */,
				216E5FC61A13CBEE0043C28B /* Client.cpp */,
				216E5FC71A13CBEE0043C28B /* Finder.cpp */,
				216E5FC81A13CBEE0043C28B /* Server.cpp */,
			);
			name = round;
			path = ../../../src/round;
			sourceTree = "<group>";
		};
		21DE68371A13B3EA0049227E /* common */ = {
			isa = PBXGroup;
			children = (
				21EBA0841A501D460077A79A /* SHA.cpp */,
				21EBA0851A501D460077A79A /* SHA.h */,
				213E91081A4A912A001C2ED9 /* Base64.cpp */,
				21DE685C1A13B3EA0049227E /* BitOption.cpp */,
				21DE685D1A13B3EA0049227E /* Clock.cpp */,
				21DE685E1A13B3EA0049227E /* Configuration.cpp */,
				21DE685F1A13B3EA0049227E /* ConsistentHashGraph.cpp */,
				21DE68601A13B3EA0049227E /* ConsistentHashNode.cpp */,
				21DE68611A13B3EA0049227E /* ConsistentHashObject.cpp */,
				21DE68621A13B3EA0049227E /* Dictionary.cpp */,
				21DE68631A13B3EA0049227E /* DictionaryKeyList.cpp */,
				21DE68641A13B3EA0049227E /* Error.cpp */,
				21DE68651A13B3EA0049227E /* HashObject.cpp */,
				21DE686B1A13B3EA0049227E /* MD5.cpp */,
				21DE686D1A13B3EA0049227E /* Message.cpp */,
				21DE686E1A13B3EA0049227E /* MessageManager.cpp */,
				21DE686F1A13B3EA0049227E /* MessageQueue.cpp */,
				21DE68701A13B3EA0049227E /* Mutex.cpp */,
				21DE68711A13B3EA0049227E /* NotificationCenter.cpp */,
				21DE68721A13B3EA0049227E /* NotificationObserver.cpp */,
				21DE68761A13B3EA0049227E /* Properties.cpp */,
				21DE68771A13B3EA0049227E /* Random.cpp */,
				21C1697A1A2CA60A0059D95E /* RPC.cpp */,
				21DE68781A13B3EA0049227E /* Semaphore.cpp */,
				21DE68791A13B3EA0049227E /* Settings.cpp */,
				21DE687D1A13B3EA0049227E /* StringTokenizer.cpp */,
				21DE687E1A13B3EA0049227E /* ThreadCore.cpp */,
				21DE687F1A13B3EA0049227E /* ThreadList.cpp */,
				21DE68801A13B3EA0049227E /* ThreadManager.cpp */,
				214FC0EC1A4AEA3200456552 /* Base64.h */,
				21DE686C1A13B3EA0049227E /* MD5.h */,
				21FF09DD1A45952300547B6B /* json */,
				21C1697C1A2CAD960059D95E /* rpc */,
			);
			path = common;
			sourceTree = "<group>";
		};
		21FF09DD1A45952300547B6B /* json */ = {
			isa = PBXGroup;
			children = (
				21FF09E11A45952300547B6B /* JSONArray.cpp */,
				21FF09EF1A4596FF00547B6B /* JSONBoolean.cpp */,
				21FF09E21A45952300547B6B /* JSONDictionary.cpp */,
				21FF09E31A45952300547B6B /* JSONInterger.cpp */,
				21FF09F01A4596FF00547B6B /* JSONNull.cpp */,
				21FF09E41A45952300547B6B /* JSONObject.cpp */,
				21FF09E51A45952300547B6B /* JSONParser.cpp */,
				21FF09F31A45BAFB00547B6B /* JSONReal.cpp */,
				21FF09E61A45952300547B6B /* JSONString.cpp */,
				21FF09DE1A45952300547B6B /* impl */,
			);
			path = json;
			sourceTree = "<group>";
		};
		21FF09DE1A45952300547B6B /* impl */ = {
			isa = PBXGroup;
			children = (
				21FF09DF1A45952300547B6B /* JSONParserJansson.cpp */,
				21FF09E01A45952300547B6B /* JSONParserParse.cpp */,
			);
			path = impl;
			sourceTree = "<group>";
		};
/* End PBXGroup section */

/* Begin PBXHeadersBuildPhase section */
		21A9FFA8154014F300BDFCDC /* Headers */ = {
			isa = PBXHeadersBuildPhase;
			buildActionMask = 2147483647;
			files = (
				21EBA0871A501D460077A79A /* SHA.h in Headers */,
				21DA08631A17424A00D3DCE0 /* NodeStatus.h in Headers */,
				2120F96F1A3C63E300F8040C /* Vector.h in Headers */,
				21A99DFA1A405DD700663A47 /* SystemMethod.h in Headers */,
				2104C9C61A21E6D30049DA92 /* JavaScript.h in Headers */,
				21DE681B1A13B3D60049227E /* BitOption.h in Headers */,
				21DA085C1A17424A00D3DCE0 /* Cluster.h in Headers */,
				2192F13A1A4C244E00F72945 /* types.h in Headers */,
				21CCABC61A145AAF00FE57DF /* ConsoleError.h in Headers */,
				210E57821A29A4A2000B60FC /* Java.h in Headers */,
				21DE681E1A13B3D60049227E /* Configuration.h in Headers */,
				212BFD161A1D0032002549F0 /* Node.h in Headers */,
				21DE682B1A13B3D60049227E /* Settings.h in Headers */,
				21DE68241A13B3D60049227E /* Message.h in Headers */,
				21DA085D1A17424A00D3DCE0 /* LocalNode.h in Headers */,
				216E5FC51A13CBD80043C28B /* Server.h in Headers */,
				21DE68251A13B3D60049227E /* Mutex.h in Headers */,
				21CCABC51A145AAF00FE57DF /* ConsoleClient.h in Headers */,
				216E5FC41A13CBD80043C28B /* Finder.h in Headers */,
				21DA08641A17424A00D3DCE0 /* RemoteNode.h in Headers */,
				21DA08921A1747EB00D3DCE0 /* HTTP.h in Headers */,
				21DA08CA1A175E7500D3DCE0 /* UPnPServerNode.h in Headers */,
				21DA08601A17424A00D3DCE0 /* NodeFinder.h in Headers */,
				21DE682A1A13B3D60049227E /* Semaphore.h in Headers */,
				21DA08821A17457D00D3DCE0 /* NodeMessage.h in Headers */,
				21DE682D1A13B3D60049227E /* StringTokenizer.h in Headers */,
				21DE68281A13B3D60049227E /* Properties.h in Headers */,
				21DE68201A13B3D60049227E /* Dictionary.h in Headers */,
				21DE681C1A13B3D60049227E /* Clock.h in Headers */,
				21DE68911A13B3EA0049227E /* MD5.h in Headers */,
				21DE681D1A13B3D60049227E /* Cloneable.h in Headers */,
				21DE68291A13B3D60049227E /* Random.h in Headers */,
				21A7CB261A4D8353000288B5 /* HTTPUServer.h in Headers */,
				21DA085F1A17424A00D3DCE0 /* NodeCore.h in Headers */,
				214FC0ED1A4AEA3200456552 /* Base64.h in Headers */,
				21DE68221A13B3D60049227E /* HashObject.h in Headers */,
				21DA08611A17424A00D3DCE0 /* NodeGraph.h in Headers */,
				21DE68231A13B3D60049227E /* JSON.h in Headers */,
				21DE681F1A13B3D60049227E /* ConsistentHash.h in Headers */,
				21DE68211A13B3D60049227E /* Error.h in Headers */,
				21620E4F1A147A5600690EA8 /* LoggerTarget.h in Headers */,
				21DA08801A1742EE00D3DCE0 /* ErrorNo.h in Headers */,
				216E5FC31A13CBD80043C28B /* Client.h in Headers */,
				21DA08C91A175E7500D3DCE0 /* UPnPNodeFinder.h in Headers */,
				21DA085E1A17424A00D3DCE0 /* LocalNodeConfig.h in Headers */,
				21620E4E1A147A5600690EA8 /* Logger.h in Headers */,
				21DE682E1A13B3D60049227E /* Thread.h in Headers */,
				211FBA391A14792C00B9B71E /* Round.h in Headers */,
				21DE68261A13B3D60049227E /* Notification.h in Headers */,
				2104C9BD1A21BBEA0049DA92 /* Script.h in Headers */,
				2184F20E1A19938E007F1326 /* ClientCore.h in Headers */,
				21620E4D1A147A5600690EA8 /* Log.h in Headers */,
				21620E541A14807D00690EA8 /* NodeConfig.h in Headers */,
				21C169791A2CA5970059D95E /* RPC.h in Headers */,
				21DA08D11A175F1000D3DCE0 /* ServerNode.h in Headers */,
			);
			runOnlyForDeploymentPostprocessing = 0;
		};
/* End PBXHeadersBuildPhase section */

/* Begin PBXNativeTarget section */
		21A9FFA9154014F300BDFCDC /* libround++ */ = {
			isa = PBXNativeTarget;
			buildConfigurationList = 21A9FFAE154014F300BDFCDC /* Build configuration list for PBXNativeTarget "libround++" */;
			buildPhases = (
				21A9FFA6154014F300BDFCDC /* Sources */,
				21A9FFA7154014F300BDFCDC /* Frameworks */,
				21A9FFA8154014F300BDFCDC /* Headers */,
			);
			buildRules = (
			);
			dependencies = (
				21CD1BA3192DC84400452ADF /* PBXTargetDependency */,
			);
			name = "libround++";
			productName = libfractal;
			productReference = 21A9FFAA154014F300BDFCDC /* liblibround++.a */;
			productType = "com.apple.product-type.library.static";
		};
/* End PBXNativeTarget section */

/* Begin PBXProject section */
		21A9FFA1154014F300BDFCDC /* Project object */ = {
			isa = PBXProject;
			attributes = {
				LastUpgradeCheck = 0600;
			};
			buildConfigurationList = 21A9FFA4154014F300BDFCDC /* Build configuration list for PBXProject "libround++" */;
			compatibilityVersion = "Xcode 3.2";
			developmentRegion = English;
			hasScannedForEncodings = 0;
			knownRegions = (
				en,
			);
			mainGroup = 21A9FF9F154014F300BDFCDC;
			productRefGroup = 21A9FFAB154014F300BDFCDC /* Products */;
			projectDirPath = "";
			projectReferences = (
				{
					ProductGroup = 21CD1B9D192DC83300452ADF /* Products */;
					ProjectRef = 21CD1B9C192DC83300452ADF /* libclink++.xcodeproj */;
				},
			);
			projectRoot = "";
			targets = (
				21A9FFA9154014F300BDFCDC /* libround++ */,
			);
		};
/* End PBXProject section */

/* Begin PBXReferenceProxy section */
		21CD1BA1192DC83400452ADF /* liblibclink++.a */ = {
			isa = PBXReferenceProxy;
			fileType = archive.ar;
			path = "liblibclink++.a";
			remoteRef = 21CD1BA0192DC83400452ADF /* PBXContainerItemProxy */;
			sourceTree = BUILT_PRODUCTS_DIR;
		};
/* End PBXReferenceProxy section */

/* Begin PBXSourcesBuildPhase section */
		21A9FFA6154014F300BDFCDC /* Sources */ = {
			isa = PBXSourcesBuildPhase;
			buildActionMask = 2147483647;
			files = (
				21DA08781A17426500D3DCE0 /* NodeFinderNotification.cpp in Sources */,
				21FF09ED1A45952300547B6B /* JSONParser.cpp in Sources */,
				21DE68841A13B3EA0049227E /* ConsistentHashGraph.cpp in Sources */,
				2184F21A1A19B62C007F1326 /* NodeResponse.cpp in Sources */,
				21DE68881A13B3EA0049227E /* DictionaryKeyList.cpp in Sources */,
				21DE68871A13B3EA0049227E /* Dictionary.cpp in Sources */,
				21DE689E1A13B3EA0049227E /* Settings.cpp in Sources */,
				2173D4FC1A3822340098CA35 /* SystemMethodResponse.cpp in Sources */,
				21DE68891A13B3EA0049227E /* Error.cpp in Sources */,
				21E6AAA81A28CCFA004E6762 /* ScriptManager.cpp in Sources */,
				21DA08751A17426500D3DCE0 /* LocalNodeConfig.cpp in Sources */,
				21DE68961A13B3EA0049227E /* NotificationCenter.cpp in Sources */,
				21DE68821A13B3EA0049227E /* Clock.cpp in Sources */,
				21DE68A31A13B3EA0049227E /* ThreadCore.cpp in Sources */,
				21DE68A51A13B3EA0049227E /* ThreadManager.cpp in Sources */,
				21FF09E81A45952300547B6B /* JSONParserParse.cpp in Sources */,
				21FF09F41A45BAFB00547B6B /* JSONReal.cpp in Sources */,
				21CCABCA1A145AC900FE57DF /* ConsoleClient.cpp in Sources */,
				21FF09EB1A45952300547B6B /* JSONInterger.cpp in Sources */,
				216E5FCB1A13CBEE0043C28B /* Server.cpp in Sources */,
				21DE68931A13B3EA0049227E /* MessageManager.cpp in Sources */,
				21FF09EE1A45952300547B6B /* JSONString.cpp in Sources */,
				21DE689B1A13B3EA0049227E /* Properties.cpp in Sources */,
				21FF09EA1A45952300547B6B /* JSONDictionary.cpp in Sources */,
				21DE68A41A13B3EA0049227E /* ThreadList.cpp in Sources */,
				2173D4FB1A3822340098CA35 /* SystemMethodRequest.cpp in Sources */,
				21DA08761A17426500D3DCE0 /* NodeCore.cpp in Sources */,
				2177278B1A2F85F4001B4CE0 /* Response.cpp in Sources */,
				21A7CB231A4D800E000288B5 /* HTTPUServer.cpp in Sources */,
				21DA08771A17426500D3DCE0 /* NodeFinder.cpp in Sources */,
				21DE68831A13B3EA0049227E /* Configuration.cpp in Sources */,
				21DA08731A17426500D3DCE0 /* ClusterList.cpp in Sources */,
				217727891A2F8499001B4CE0 /* Request.cpp in Sources */,
				213E91091A4A912A001C2ED9 /* Base64.cpp in Sources */,
				21DA08D31A175F3100D3DCE0 /* ServerNode.cpp in Sources */,
				21DA08791A17426500D3DCE0 /* NodeFinderObserver.cpp in Sources */,
				216E5FCA1A13CBEE0043C28B /* Finder.cpp in Sources */,
				21FF09E71A45952300547B6B /* JSONParserJansson.cpp in Sources */,
				21DE68851A13B3EA0049227E /* ConsistentHashNode.cpp in Sources */,
				21DE68971A13B3EA0049227E /* NotificationObserver.cpp in Sources */,
				212BFD181A1D0056002549F0 /* Node.cpp in Sources */,
				21C1697B1A2CA60A0059D95E /* RPC.cpp in Sources */,
				21CCABCB1A145AC900FE57DF /* ConsoleError.cpp in Sources */,
				21DE689D1A13B3EA0049227E /* Semaphore.cpp in Sources */,
				2188042B1A22EF690053473E /* JavaScriptEngine.cpp in Sources */,
				21FF09EC1A45952300547B6B /* JSONObject.cpp in Sources */,
				21DA08CF1A175E8200D3DCE0 /* UPnPServerNode.cpp in Sources */,
				21DE68861A13B3EA0049227E /* ConsistentHashObject.cpp in Sources */,
				210E57861A29A574000B60FC /* JavaEngine.cpp in Sources */,
				21DA08C21A174EAB00D3DCE0 /* NodeStatus.cpp in Sources */,
				21DE68A21A13B3EA0049227E /* StringTokenizer.cpp in Sources */,
				213862D71A44F38E00311FAE /* SystemMethod.cpp in Sources */,
				216E5FC91A13CBEE0043C28B /* Client.cpp in Sources */,
				21DA08721A17426500D3DCE0 /* Cluster.cpp in Sources */,
				21FF09F11A4596FF00547B6B /* JSONBoolean.cpp in Sources */,
				21620E561A14809D00690EA8 /* NodeConfig.cpp in Sources */,
				21DA087B1A17426500D3DCE0 /* NodeList.cpp in Sources */,
				21620E521A147A6400690EA8 /* Logger.cpp in Sources */,
				21DE68951A13B3EA0049227E /* Mutex.cpp in Sources */,
				21E6AAA61A28BF83004E6762 /* ScriptEngineMap.cpp in Sources */,
				2104C9BF1A21BC640049DA92 /* Script.cpp in Sources */,
				21C1697E1A2CAD960059D95E /* Message.cpp in Sources */,
				21C108591A36C2A200E22CAD /* LocalNodeScriptManager.cpp in Sources */,
				21DE68921A13B3EA0049227E /* Message.cpp in Sources */,
				21DE689C1A13B3EA0049227E /* Random.cpp in Sources */,
				21DA08741A17426500D3DCE0 /* LocalNode.cpp in Sources */,
				21DE688A1A13B3EA0049227E /* HashObject.cpp in Sources */,
				2184F2191A19B62C007F1326 /* NodeRequest.cpp in Sources */,
				210E577E1A235D49000B60FC /* ScriptMap.cpp in Sources */,
				219428801A4E538A00F3EC33 /* NodeRequestOption.cpp in Sources */,
				21DE68901A13B3EA0049227E /* MD5.cpp in Sources */,
				21DE68811A13B3EA0049227E /* BitOption.cpp in Sources */,
				21DA08CE1A175E8200D3DCE0 /* UPnPNodeFinder.cpp in Sources */,
				21DA087A1A17426500D3DCE0 /* NodeGraph.cpp in Sources */,
				21EBA0861A501D460077A79A /* SHA.cpp in Sources */,
				21DE68941A13B3EA0049227E /* MessageQueue.cpp in Sources */,
				21DA08C31A174EAB00D3DCE0 /* RemoteNode.cpp in Sources */,
				2184F2101A1993A3007F1326 /* ClientCore.cpp in Sources */,
				21FF09F21A4596FF00547B6B /* JSONNull.cpp in Sources */,
				210E577C1A235BFD000B60FC /* ScriptEngine.cpp in Sources */,
				21FF09E91A45952300547B6B /* JSONArray.cpp in Sources */,
				21B1DF041A32C4C70070B65D /* LocalNodeWorker.cpp in Sources */,
			);
			runOnlyForDeploymentPostprocessing = 0;
		};
/* End PBXSourcesBuildPhase section */

/* Begin PBXTargetDependency section */
		21CD1BA3192DC84400452ADF /* PBXTargetDependency */ = {
			isa = PBXTargetDependency;
			name = "libclink++";
			targetProxy = 21CD1BA2192DC84400452ADF /* PBXContainerItemProxy */;
		};
/* End PBXTargetDependency section */

/* Begin XCBuildConfiguration section */
		21A9FFAC154014F300BDFCDC /* Debug */ = {
			isa = XCBuildConfiguration;
			buildSettings = {
				ALWAYS_SEARCH_USER_PATHS = NO;
				CLANG_CXX_LIBRARY = "compiler-default";
				CLANG_WARN_BOOL_CONVERSION = YES;
				CLANG_WARN_CONSTANT_CONVERSION = YES;
				CLANG_WARN_EMPTY_BODY = YES;
				CLANG_WARN_ENUM_CONVERSION = YES;
				CLANG_WARN_INT_CONVERSION = YES;
				CLANG_WARN_UNREACHABLE_CODE = YES;
				CLANG_WARN__DUPLICATE_METHOD_MATCH = YES;
				COPY_PHASE_STRIP = NO;
				ENABLE_STRICT_OBJC_MSGSEND = YES;
				GCC_C_LANGUAGE_STANDARD = gnu99;
				GCC_DYNAMIC_NO_PIC = NO;
				GCC_ENABLE_OBJC_EXCEPTIONS = YES;
				GCC_OPTIMIZATION_LEVEL = 0;
				GCC_PREPROCESSOR_DEFINITIONS = (
					"DEBUG=1",
					"$(inherited)",
				);
				GCC_SYMBOLS_PRIVATE_EXTERN = NO;
				GCC_VERSION = com.apple.compilers.llvm.clang.1_0;
				GCC_WARN_64_TO_32_BIT_CONVERSION = YES;
				GCC_WARN_ABOUT_RETURN_TYPE = YES;
				GCC_WARN_UNDECLARED_SELECTOR = YES;
				GCC_WARN_UNINITIALIZED_AUTOS = YES;
				GCC_WARN_UNUSED_FUNCTION = YES;
				GCC_WARN_UNUSED_VARIABLE = YES;
				HEADER_SEARCH_PATHS = ../../../include;
				LIBRARY_SEARCH_PATHS = "";
				MACOSX_DEPLOYMENT_TARGET = 10.7;
				ONLY_ACTIVE_ARCH = YES;
				OTHER_LDFLAGS = "";
				SDKROOT = macosx;
				VALID_ARCHS = "i386 x86_64";
			};
			name = Debug;
		};
		21A9FFAD154014F300BDFCDC /* Release */ = {
			isa = XCBuildConfiguration;
			buildSettings = {
				ALWAYS_SEARCH_USER_PATHS = NO;
				CLANG_CXX_LIBRARY = "compiler-default";
				CLANG_WARN_BOOL_CONVERSION = YES;
				CLANG_WARN_CONSTANT_CONVERSION = YES;
				CLANG_WARN_EMPTY_BODY = YES;
				CLANG_WARN_ENUM_CONVERSION = YES;
				CLANG_WARN_INT_CONVERSION = YES;
				CLANG_WARN_UNREACHABLE_CODE = YES;
				CLANG_WARN__DUPLICATE_METHOD_MATCH = YES;
				COPY_PHASE_STRIP = YES;
				DEBUG_INFORMATION_FORMAT = "dwarf-with-dsym";
				ENABLE_STRICT_OBJC_MSGSEND = YES;
				GCC_C_LANGUAGE_STANDARD = gnu99;
				GCC_ENABLE_OBJC_EXCEPTIONS = YES;
				GCC_VERSION = com.apple.compilers.llvm.clang.1_0;
				GCC_WARN_64_TO_32_BIT_CONVERSION = YES;
				GCC_WARN_ABOUT_RETURN_TYPE = YES;
				GCC_WARN_UNDECLARED_SELECTOR = YES;
				GCC_WARN_UNINITIALIZED_AUTOS = YES;
				GCC_WARN_UNUSED_FUNCTION = YES;
				GCC_WARN_UNUSED_VARIABLE = YES;
				HEADER_SEARCH_PATHS = ../../../include;
				LIBRARY_SEARCH_PATHS = "";
				MACOSX_DEPLOYMENT_TARGET = 10.7;
				OTHER_LDFLAGS = "";
				SDKROOT = macosx;
				VALID_ARCHS = "i386 x86_64";
			};
			name = Release;
		};
		21A9FFAF154014F300BDFCDC /* Debug */ = {
			isa = XCBuildConfiguration;
			buildSettings = {
				CLANG_CXX_LANGUAGE_STANDARD = "c++0x";
				CLANG_CXX_LIBRARY = "libc++";
				COMBINE_HIDPI_IMAGES = YES;
				EXECUTABLE_PREFIX = lib;
				HEADER_SEARCH_PATHS = (
					../../../include,
					../../../src,
					/usr/local/include,
					/opt/local/include,
				);
				PRODUCT_NAME = "libround++";
				SDKROOT = macosx;
			};
			name = Debug;
		};
		21A9FFB0154014F300BDFCDC /* Release */ = {
			isa = XCBuildConfiguration;
			buildSettings = {
				CLANG_CXX_LANGUAGE_STANDARD = "c++0x";
				CLANG_CXX_LIBRARY = "libc++";
				COMBINE_HIDPI_IMAGES = YES;
				EXECUTABLE_PREFIX = lib;
				HEADER_SEARCH_PATHS = (
					../../../include,
					../../../src,
					/usr/local/include,
					/opt/local/include,
				);
				PRODUCT_NAME = "libround++";
				SDKROOT = macosx;
			};
			name = Release;
		};
/* End XCBuildConfiguration section */

/* Begin XCConfigurationList section */
		21A9FFA4154014F300BDFCDC /* Build configuration list for PBXProject "libround++" */ = {
			isa = XCConfigurationList;
			buildConfigurations = (
				21A9FFAC154014F300BDFCDC /* Debug */,
				21A9FFAD154014F300BDFCDC /* Release */,
			);
			defaultConfigurationIsVisible = 0;
			defaultConfigurationName = Release;
		};
		21A9FFAE154014F300BDFCDC /* Build configuration list for PBXNativeTarget "libround++" */ = {
			isa = XCConfigurationList;
			buildConfigurations = (
				21A9FFAF154014F300BDFCDC /* Debug */,
				21A9FFB0154014F300BDFCDC /* Release */,
			);
			defaultConfigurationIsVisible = 0;
			defaultConfigurationName = Release;
		};
/* End XCConfigurationList section */
	};
	rootObject = 21A9FFA1154014F300BDFCDC /* Project object */;
}
